
Microsoft Visual Studio Solution File, Format Version 12.00
# Visual Studio 15
VisualStudioVersion = 15.0.27004.2008
MinimumVisualStudioVersion = 10.0.40219.1
Project("{9A19103F-16F7-4668-BE54-9A1E7A4F7556}") = "SpyStore_v20", "SpyStore_v20\SpyStore_v20.csproj", "{C669BC9A-B258-4B7F-9690-EFBDB0798E51}"
EndProject
Project("{E53339B2-1760-4266-BCC7-CA923CBCF16C}") = "docker-compose", "docker-compose.dcproj", "{D1077C5E-A7EF-4D6C-8855-6485CA5C1311}"
EndProject
Project("{9A19103F-16F7-4668-BE54-9A1E7A4F7556}") = "SpyStoreDAL", "SpyStoreDAL\SpyStoreDAL.csproj", "{CCCF774C-6A81-41A7-9848-4A272A688479}"
EndProject
Project("{9A19103F-16F7-4668-BE54-9A1E7A4F7556}") = "SpyStoreModels", "SpyStoreModels\SpyStoreModels.csproj", "{F482EC9B-A19D-487F-9D18-BFF8B4B745B1}"
EndProject
Project("{2150E333-8FDC-42A3-9474-1A3956D46DE8}") = "Solution Items", "Solution Items", "{1BCE3B15-20F8-42DB-AD4F-9BAFE6E45FEB}"
	ProjectSection(SolutionItems) = preProject
		Migrations.txt = Migrations.txt
	EndProjectSection
EndProject
Global
	GlobalSection(SolutionConfigurationPlatforms) = preSolution
		Debug|Any CPU = Debug|Any CPU
		Release|Any CPU = Release|Any CPU
	EndGlobalSection
	GlobalSection(ProjectConfigurationPlatforms) = postSolution
		{C669BC9A-B258-4B7F-9690-EFBDB0798E51}.Debug|Any CPU.ActiveCfg = Debug|Any CPU
		{C669BC9A-B258-4B7F-9690-EFBDB0798E51}.Debug|Any CPU.Build.0 = Debug|Any CPU
		{C669BC9A-B258-4B7F-9690-EFBDB0798E51}.Release|Any CPU.ActiveCfg = Release|Any CPU
		{C669BC9A-B258-4B7F-9690-EFBDB0798E51}.Release|Any CPU.Build.0 = Release|Any CPU
		{D1077C5E-A7EF-4D6C-8855-6485CA5C1311}.Debug|Any CPU.ActiveCfg = Debug|Any CPU
		{D1077C5E-A7EF-4D6C-8855-6485CA5C1311}.Debug|Any CPU.Build.0 = Debug|Any CPU
		{D1077C5E-A7EF-4D6C-8855-6485CA5C1311}.Release|Any CPU.ActiveCfg = Release|Any CPU
		{D1077C5E-A7EF-4D6C-8855-6485CA5C1311}.Release|Any CPU.Build.0 = Release|Any CPU
		{CCCF774C-6A81-41A7-9848-4A272A688479}.Debug|Any CPU.ActiveCfg = Debug|Any CPU
		{CCCF774C-6A81-41A7-9848-4A272A688479}.Debug|Any CPU.Build.0 = Debug|Any CPU
		{CCCF774C-6A81-41A7-9848-4A272A688479}.Release|Any CPU.ActiveCfg = Release|Any CPU
		{CCCF774C-6A81-41A7-9848-4A272A688479}.Release|Any CPU.Build.0 = Release|Any CPU
		{F482EC9B-A19D-487F-9D18-BFF8B4B745B1}.Debug|Any CPU.ActiveCfg = Debug|Any CPU
		{F482EC9B-A19D-487F-9D18-BFF8B4B745B1}.Debug|Any CPU.Build.0 = Debug|Any CPU
		{F482EC9B-A19D-487F-9D18-BFF8B4B745B1}.Release|Any CPU.ActiveCfg = Release|Any CPU
		{F482EC9B-A19D-487F-9D18-BFF8B4B745B1}.Release|Any CPU.Build.0 = Release|Any CPU
	EndGlobalSection
	GlobalSection(SolutionProperties) = preSolution
		HideSolutionNode = FALSE
	EndGlobalSection
	GlobalSection(ExtensibilityGlobals) = postSolution
		SolutionGuid = {217915EB-733D-451B-A5CF-23FE3349753C}
	EndGlobalSection
EndGlobal
