
Microsoft Visual Studio Solution File, Format Version 12.00
# Visual Studio 14
VisualStudioVersion = 14.0.25420.1
MinimumVisualStudioVersion = 10.0.40219.1
Project("{FAE04EC0-301F-11D3-BF4B-00C04F79EFBC}") = "ExcelExample", "ExcelExample\ExcelExample.csproj", "{B5FE505B-A5C1-43B9-80AE-DF858B5E3E63}"
EndProject
Project("{FAE04EC0-301F-11D3-BF4B-00C04F79EFBC}") = "TestCalculator", "TestCalculator\TestCalculator.csproj", "{444F199A-E644-4BBF-9AD3-293AB852E466}"
EndProject
Project("{2150E333-8FDC-42A3-9474-1A3956D46DE8}") = "Solution Items", "Solution Items", "{88824C13-C32E-4DCB-8A04-154381A4CB1B}"
	ProjectSection(SolutionItems) = preProject
		Readme.md = Readme.md
	EndProjectSection
EndProject
Global
	GlobalSection(SolutionConfigurationPlatforms) = preSolution
		Debug|Any CPU = Debug|Any CPU
		Release|Any CPU = Release|Any CPU
	EndGlobalSection
	GlobalSection(ProjectConfigurationPlatforms) = postSolution
		{B5FE505B-A5C1-43B9-80AE-DF858B5E3E63}.Debug|Any CPU.ActiveCfg = Debug|Any CPU
		{B5FE505B-A5C1-43B9-80AE-DF858B5E3E63}.Debug|Any CPU.Build.0 = Debug|Any CPU
		{B5FE505B-A5C1-43B9-80AE-DF858B5E3E63}.Release|Any CPU.ActiveCfg = Release|Any CPU
		{B5FE505B-A5C1-43B9-80AE-DF858B5E3E63}.Release|Any CPU.Build.0 = Release|Any CPU
		{444F199A-E644-4BBF-9AD3-293AB852E466}.Debug|Any CPU.ActiveCfg = Debug|Any CPU
		{444F199A-E644-4BBF-9AD3-293AB852E466}.Debug|Any CPU.Build.0 = Debug|Any CPU
		{444F199A-E644-4BBF-9AD3-293AB852E466}.Release|Any CPU.ActiveCfg = Release|Any CPU
		{444F199A-E644-4BBF-9AD3-293AB852E466}.Release|Any CPU.Build.0 = Release|Any CPU
	EndGlobalSection
	GlobalSection(SolutionProperties) = preSolution
		HideSolutionNode = FALSE
	EndGlobalSection
EndGlobal
