
Microsoft Visual Studio Solution File, Format Version 12.00
# Visual Studio 15
VisualStudioVersion = 15.0.26403.3
MinimumVisualStudioVersion = 10.0.40219.1
Project("{FAE04EC0-301F-11D3-BF4B-00C04F79EFBC}") = "SpyStore_HOL.Models", "SpyStore_HOL.Models\SpyStore_HOL.Models.csproj", "{A7CDC323-5641-4168-8FED-3913DBA88698}"
EndProject
Project("{FAE04EC0-301F-11D3-BF4B-00C04F79EFBC}") = "SpyStore_HOL.DAL", "SpyStore_HOL.DAL\SpyStore_HOL.DAL.csproj", "{011BCBB7-4C9B-40F9-9099-EF753B45A38E}"
EndProject
Project("{2150E333-8FDC-42A3-9474-1A3956D46DE8}") = "SolutionItems", "SolutionItems", "{BF5E412B-C8A9-4B92-964F-D628888F6922}"
	ProjectSection(SolutionItems) = preProject
		Migrations.txt = Migrations.txt
	EndProjectSection
EndProject
Project("{FAE04EC0-301F-11D3-BF4B-00C04F79EFBC}") = "SpyStore_HOL.Tests", "SpyStore_HOL.Tests\SpyStore_HOL.Tests.csproj", "{5D6D4AE7-0796-412A-97C9-A884509A623F}"
EndProject
Project("{9A19103F-16F7-4668-BE54-9A1E7A4F7556}") = "SpyStore_HOL.MVC", "SpyStore_HOL.MVC\SpyStore_HOL.MVC.csproj", "{FE537523-CDBB-4FFC-89BB-471B1C616D5E}"
EndProject
Global
	GlobalSection(SolutionConfigurationPlatforms) = preSolution
		Debug|Any CPU = Debug|Any CPU
		Release|Any CPU = Release|Any CPU
	EndGlobalSection
	GlobalSection(ProjectConfigurationPlatforms) = postSolution
		{A7CDC323-5641-4168-8FED-3913DBA88698}.Debug|Any CPU.ActiveCfg = Debug|Any CPU
		{A7CDC323-5641-4168-8FED-3913DBA88698}.Debug|Any CPU.Build.0 = Debug|Any CPU
		{A7CDC323-5641-4168-8FED-3913DBA88698}.Release|Any CPU.ActiveCfg = Release|Any CPU
		{A7CDC323-5641-4168-8FED-3913DBA88698}.Release|Any CPU.Build.0 = Release|Any CPU
		{011BCBB7-4C9B-40F9-9099-EF753B45A38E}.Debug|Any CPU.ActiveCfg = Debug|Any CPU
		{011BCBB7-4C9B-40F9-9099-EF753B45A38E}.Debug|Any CPU.Build.0 = Debug|Any CPU
		{011BCBB7-4C9B-40F9-9099-EF753B45A38E}.Release|Any CPU.ActiveCfg = Release|Any CPU
		{011BCBB7-4C9B-40F9-9099-EF753B45A38E}.Release|Any CPU.Build.0 = Release|Any CPU
		{5D6D4AE7-0796-412A-97C9-A884509A623F}.Debug|Any CPU.ActiveCfg = Debug|Any CPU
		{5D6D4AE7-0796-412A-97C9-A884509A623F}.Debug|Any CPU.Build.0 = Debug|Any CPU
		{5D6D4AE7-0796-412A-97C9-A884509A623F}.Release|Any CPU.ActiveCfg = Release|Any CPU
		{5D6D4AE7-0796-412A-97C9-A884509A623F}.Release|Any CPU.Build.0 = Release|Any CPU
		{FE537523-CDBB-4FFC-89BB-471B1C616D5E}.Debug|Any CPU.ActiveCfg = Debug|Any CPU
		{FE537523-CDBB-4FFC-89BB-471B1C616D5E}.Debug|Any CPU.Build.0 = Debug|Any CPU
		{FE537523-CDBB-4FFC-89BB-471B1C616D5E}.Release|Any CPU.ActiveCfg = Release|Any CPU
		{FE537523-CDBB-4FFC-89BB-471B1C616D5E}.Release|Any CPU.Build.0 = Release|Any CPU
	EndGlobalSection
	GlobalSection(SolutionProperties) = preSolution
		HideSolutionNode = FALSE
	EndGlobalSection
EndGlobal
