
Microsoft Visual Studio Solution File, Format Version 12.00
# Visual Studio 15
VisualStudioVersion = 15.0.27428.2037
MinimumVisualStudioVersion = 10.0.40219.1
Project("{9A19103F-16F7-4668-BE54-9A1E7A4F7556}") = "IdentityServerMVCClient", "IdentityServerMVCClient\IdentityServerMVCClient.csproj", "{B70B3A33-8E5E-417B-B1C7-7FFAF773CBFD}"
EndProject
Project("{9A19103F-16F7-4668-BE54-9A1E7A4F7556}") = "ApiResource", "ApiResource\ApiResource.csproj", "{D0FFA7A0-F609-4395-AE5B-F0E83526968C}"
EndProject
Project("{9A19103F-16F7-4668-BE54-9A1E7A4F7556}") = "ConsoleApiClient", "ConsoleApiClient\ConsoleApiClient.csproj", "{567FCF1B-A6AE-4341-8F1C-CD3E2B07122A}"
EndProject
Project("{9A19103F-16F7-4668-BE54-9A1E7A4F7556}") = "IdentityServerWithIdentity", "IdentityServerWithIdentity\IdentityServerWithIdentity.csproj", "{6CE32B72-BF5E-47D0-84E1-3FCDF1B43C4A}"
EndProject
Project("{9A19103F-16F7-4668-BE54-9A1E7A4F7556}") = "JavaScriptClient", "JavaScriptClient\JavaScriptClient.csproj", "{FDAFAA64-37B9-4339-AAA6-B5948F042D07}"
EndProject
Project("{2150E333-8FDC-42A3-9474-1A3956D46DE8}") = "SolutionItems", "SolutionItems", "{45BB4A30-FBD7-425C-8C49-AEF434EB838C}"
	ProjectSection(SolutionItems) = preProject
		Migrations.txt = Migrations.txt
	EndProjectSection
EndProject
Global
	GlobalSection(SolutionConfigurationPlatforms) = preSolution
		Debug|Any CPU = Debug|Any CPU
		Release|Any CPU = Release|Any CPU
	EndGlobalSection
	GlobalSection(ProjectConfigurationPlatforms) = postSolution
		{B70B3A33-8E5E-417B-B1C7-7FFAF773CBFD}.Debug|Any CPU.ActiveCfg = Debug|Any CPU
		{B70B3A33-8E5E-417B-B1C7-7FFAF773CBFD}.Debug|Any CPU.Build.0 = Debug|Any CPU
		{B70B3A33-8E5E-417B-B1C7-7FFAF773CBFD}.Release|Any CPU.ActiveCfg = Release|Any CPU
		{B70B3A33-8E5E-417B-B1C7-7FFAF773CBFD}.Release|Any CPU.Build.0 = Release|Any CPU
		{D0FFA7A0-F609-4395-AE5B-F0E83526968C}.Debug|Any CPU.ActiveCfg = Debug|Any CPU
		{D0FFA7A0-F609-4395-AE5B-F0E83526968C}.Debug|Any CPU.Build.0 = Debug|Any CPU
		{D0FFA7A0-F609-4395-AE5B-F0E83526968C}.Release|Any CPU.ActiveCfg = Release|Any CPU
		{D0FFA7A0-F609-4395-AE5B-F0E83526968C}.Release|Any CPU.Build.0 = Release|Any CPU
		{567FCF1B-A6AE-4341-8F1C-CD3E2B07122A}.Debug|Any CPU.ActiveCfg = Debug|Any CPU
		{567FCF1B-A6AE-4341-8F1C-CD3E2B07122A}.Debug|Any CPU.Build.0 = Debug|Any CPU
		{567FCF1B-A6AE-4341-8F1C-CD3E2B07122A}.Release|Any CPU.ActiveCfg = Release|Any CPU
		{567FCF1B-A6AE-4341-8F1C-CD3E2B07122A}.Release|Any CPU.Build.0 = Release|Any CPU
		{6CE32B72-BF5E-47D0-84E1-3FCDF1B43C4A}.Debug|Any CPU.ActiveCfg = Debug|Any CPU
		{6CE32B72-BF5E-47D0-84E1-3FCDF1B43C4A}.Debug|Any CPU.Build.0 = Debug|Any CPU
		{6CE32B72-BF5E-47D0-84E1-3FCDF1B43C4A}.Release|Any CPU.ActiveCfg = Release|Any CPU
		{6CE32B72-BF5E-47D0-84E1-3FCDF1B43C4A}.Release|Any CPU.Build.0 = Release|Any CPU
		{FDAFAA64-37B9-4339-AAA6-B5948F042D07}.Debug|Any CPU.ActiveCfg = Debug|Any CPU
		{FDAFAA64-37B9-4339-AAA6-B5948F042D07}.Debug|Any CPU.Build.0 = Debug|Any CPU
		{FDAFAA64-37B9-4339-AAA6-B5948F042D07}.Release|Any CPU.ActiveCfg = Release|Any CPU
		{FDAFAA64-37B9-4339-AAA6-B5948F042D07}.Release|Any CPU.Build.0 = Release|Any CPU
	EndGlobalSection
	GlobalSection(SolutionProperties) = preSolution
		HideSolutionNode = FALSE
	EndGlobalSection
	GlobalSection(ExtensibilityGlobals) = postSolution
		SolutionGuid = {97F8D2F2-FE7E-4EBD-B600-A6A7F6417A40}
	EndGlobalSection
EndGlobal
