
Microsoft Visual Studio Solution File, Format Version 12.00
# Visual Studio 15
VisualStudioVersion = 15.0.27004.2009
MinimumVisualStudioVersion = 10.0.40219.1
Project("{F2A71F9B-5D33-465A-A702-920D77279786}") = "Bowling", "Bowling\Bowling.fsproj", "{34CB4115-5832-419E-BE6E-8DA0B10C2B1C}"
EndProject
Project("{F2A71F9B-5D33-465A-A702-920D77279786}") = "Bowling.SpecFlow", "Bowling.SpecFlow\Bowling.SpecFlow.fsproj", "{CB9918B9-3CA7-4357-9FD9-A04ADEBF7780}"
EndProject
Project("{FAE04EC0-301F-11D3-BF4B-00C04F79EFBC}") = "Bowling.SpecFlow.Bindings", "Bowling.SpecFlow.Bindings\Bowling.SpecFlow.Bindings.csproj", "{C3A70EAD-9B63-46AC-923D-8E86F752998A}"
EndProject
Project("{2150E333-8FDC-42A3-9474-1A3956D46DE8}") = "Solution Items", "Solution Items", "{D5A57A7C-483E-428D-83A5-2EDD2E083CAF}"
	ProjectSection(SolutionItems) = preProject
		README.md = README.md
	EndProjectSection
EndProject
Global
	GlobalSection(SolutionConfigurationPlatforms) = preSolution
		Debug|Any CPU = Debug|Any CPU
		Release|Any CPU = Release|Any CPU
	EndGlobalSection
	GlobalSection(ProjectConfigurationPlatforms) = postSolution
		{34CB4115-5832-419E-BE6E-8DA0B10C2B1C}.Debug|Any CPU.ActiveCfg = Debug|Any CPU
		{34CB4115-5832-419E-BE6E-8DA0B10C2B1C}.Debug|Any CPU.Build.0 = Debug|Any CPU
		{34CB4115-5832-419E-BE6E-8DA0B10C2B1C}.Release|Any CPU.ActiveCfg = Release|Any CPU
		{34CB4115-5832-419E-BE6E-8DA0B10C2B1C}.Release|Any CPU.Build.0 = Release|Any CPU
		{CB9918B9-3CA7-4357-9FD9-A04ADEBF7780}.Debug|Any CPU.ActiveCfg = Debug|Any CPU
		{CB9918B9-3CA7-4357-9FD9-A04ADEBF7780}.Debug|Any CPU.Build.0 = Debug|Any CPU
		{CB9918B9-3CA7-4357-9FD9-A04ADEBF7780}.Release|Any CPU.ActiveCfg = Release|Any CPU
		{CB9918B9-3CA7-4357-9FD9-A04ADEBF7780}.Release|Any CPU.Build.0 = Release|Any CPU
		{C3A70EAD-9B63-46AC-923D-8E86F752998A}.Debug|Any CPU.ActiveCfg = Debug|Any CPU
		{C3A70EAD-9B63-46AC-923D-8E86F752998A}.Debug|Any CPU.Build.0 = Debug|Any CPU
		{C3A70EAD-9B63-46AC-923D-8E86F752998A}.Release|Any CPU.ActiveCfg = Release|Any CPU
		{C3A70EAD-9B63-46AC-923D-8E86F752998A}.Release|Any CPU.Build.0 = Release|Any CPU
	EndGlobalSection
	GlobalSection(SolutionProperties) = preSolution
		HideSolutionNode = FALSE
	EndGlobalSection
	GlobalSection(ExtensibilityGlobals) = postSolution
		SolutionGuid = {497A11A8-93E1-4075-B0BC-8BE6F25455B4}
	EndGlobalSection
EndGlobal
