
Microsoft Visual Studio Solution File, Format Version 12.00
# Visual Studio 14
VisualStudioVersion = 14.0.24720.0
MinimumVisualStudioVersion = 10.0.40219.1
Project("{FAE04EC0-301F-11D3-BF4B-00C04F79EFBC}") = "simpleCalc.WindowsUAP", "simpleCalc.WindowsUAP\simpleCalc.WindowsUAP.csproj", "{479543DA-B409-4626-A6FD-CC72E989C047}"
EndProject
Project("{FAE04EC0-301F-11D3-BF4B-00C04F79EFBC}") = "simpleCalc.PCL", "simpleCalc.PCL\simpleCalc.PCL.csproj", "{3AF07C6A-C941-491C-B956-7C7ECB4AB41F}"
EndProject
Project("{FAE04EC0-301F-11D3-BF4B-00C04F79EFBC}") = "simpleCalc.Test", "simpleCalc.Test\simpleCalc.Test.csproj", "{6BAF319B-9D0D-461A-A7BE-9E627E0A8424}"
EndProject
Project("{FAE04EC0-301F-11D3-BF4B-00C04F79EFBC}") = "simpleCalc.Android", "simpleCalc.Android\simpleCalc.Android.csproj", "{9497DC4E-AB32-44F2-BCDD-5DBAC0799C15}"
EndProject
Project("{FAE04EC0-301F-11D3-BF4B-00C04F79EFBC}") = "simpleCalc.Web", "simpleCalc.Web\simpleCalc.Web.csproj", "{E6C46CD1-F244-4AD0-8F7A-42F0FF2B41AF}"
EndProject
Project("{FAE04EC0-301F-11D3-BF4B-00C04F79EFBC}") = "simpleCalc.Test.Web", "simpleCalc.Test.Web\simpleCalc.Test.Web.csproj", "{E0657C37-772D-493C-8BB6-80E83522B5A4}"
EndProject
Project("{FAE04EC0-301F-11D3-BF4B-00C04F79EFBC}") = "simpleCalc.Test.ViewModel", "simpleCalc.Web.ViewModel\simpleCalc.Test.ViewModel.csproj", "{AADF223A-1355-440E-B6FA-B781DBBCF176}"
EndProject
Global
	GlobalSection(SolutionConfigurationPlatforms) = preSolution
		Debug|Any CPU = Debug|Any CPU
		Debug|ARM = Debug|ARM
		Debug|x64 = Debug|x64
		Debug|x86 = Debug|x86
		Release|Any CPU = Release|Any CPU
		Release|ARM = Release|ARM
		Release|x64 = Release|x64
		Release|x86 = Release|x86
	EndGlobalSection
	GlobalSection(ProjectConfigurationPlatforms) = postSolution
		{479543DA-B409-4626-A6FD-CC72E989C047}.Debug|Any CPU.ActiveCfg = Debug|x86
		{479543DA-B409-4626-A6FD-CC72E989C047}.Debug|ARM.ActiveCfg = Debug|ARM
		{479543DA-B409-4626-A6FD-CC72E989C047}.Debug|ARM.Build.0 = Debug|ARM
		{479543DA-B409-4626-A6FD-CC72E989C047}.Debug|ARM.Deploy.0 = Debug|ARM
		{479543DA-B409-4626-A6FD-CC72E989C047}.Debug|x64.ActiveCfg = Debug|x64
		{479543DA-B409-4626-A6FD-CC72E989C047}.Debug|x64.Build.0 = Debug|x64
		{479543DA-B409-4626-A6FD-CC72E989C047}.Debug|x64.Deploy.0 = Debug|x64
		{479543DA-B409-4626-A6FD-CC72E989C047}.Debug|x86.ActiveCfg = Debug|x86
		{479543DA-B409-4626-A6FD-CC72E989C047}.Debug|x86.Build.0 = Debug|x86
		{479543DA-B409-4626-A6FD-CC72E989C047}.Debug|x86.Deploy.0 = Debug|x86
		{479543DA-B409-4626-A6FD-CC72E989C047}.Release|Any CPU.ActiveCfg = Release|x86
		{479543DA-B409-4626-A6FD-CC72E989C047}.Release|ARM.ActiveCfg = Release|ARM
		{479543DA-B409-4626-A6FD-CC72E989C047}.Release|ARM.Build.0 = Release|ARM
		{479543DA-B409-4626-A6FD-CC72E989C047}.Release|ARM.Deploy.0 = Release|ARM
		{479543DA-B409-4626-A6FD-CC72E989C047}.Release|x64.ActiveCfg = Release|x64
		{479543DA-B409-4626-A6FD-CC72E989C047}.Release|x64.Build.0 = Release|x64
		{479543DA-B409-4626-A6FD-CC72E989C047}.Release|x64.Deploy.0 = Release|x64
		{479543DA-B409-4626-A6FD-CC72E989C047}.Release|x86.ActiveCfg = Release|x86
		{479543DA-B409-4626-A6FD-CC72E989C047}.Release|x86.Build.0 = Release|x86
		{479543DA-B409-4626-A6FD-CC72E989C047}.Release|x86.Deploy.0 = Release|x86
		{3AF07C6A-C941-491C-B956-7C7ECB4AB41F}.Debug|Any CPU.ActiveCfg = Debug|Any CPU
		{3AF07C6A-C941-491C-B956-7C7ECB4AB41F}.Debug|Any CPU.Build.0 = Debug|Any CPU
		{3AF07C6A-C941-491C-B956-7C7ECB4AB41F}.Debug|ARM.ActiveCfg = Debug|Any CPU
		{3AF07C6A-C941-491C-B956-7C7ECB4AB41F}.Debug|ARM.Build.0 = Debug|Any CPU
		{3AF07C6A-C941-491C-B956-7C7ECB4AB41F}.Debug|x64.ActiveCfg = Debug|Any CPU
		{3AF07C6A-C941-491C-B956-7C7ECB4AB41F}.Debug|x64.Build.0 = Debug|Any CPU
		{3AF07C6A-C941-491C-B956-7C7ECB4AB41F}.Debug|x86.ActiveCfg = Debug|Any CPU
		{3AF07C6A-C941-491C-B956-7C7ECB4AB41F}.Debug|x86.Build.0 = Debug|Any CPU
		{3AF07C6A-C941-491C-B956-7C7ECB4AB41F}.Release|Any CPU.ActiveCfg = Release|Any CPU
		{3AF07C6A-C941-491C-B956-7C7ECB4AB41F}.Release|Any CPU.Build.0 = Release|Any CPU
		{3AF07C6A-C941-491C-B956-7C7ECB4AB41F}.Release|ARM.ActiveCfg = Release|Any CPU
		{3AF07C6A-C941-491C-B956-7C7ECB4AB41F}.Release|ARM.Build.0 = Release|Any CPU
		{3AF07C6A-C941-491C-B956-7C7ECB4AB41F}.Release|x64.ActiveCfg = Release|Any CPU
		{3AF07C6A-C941-491C-B956-7C7ECB4AB41F}.Release|x64.Build.0 = Release|Any CPU
		{3AF07C6A-C941-491C-B956-7C7ECB4AB41F}.Release|x86.ActiveCfg = Release|Any CPU
		{3AF07C6A-C941-491C-B956-7C7ECB4AB41F}.Release|x86.Build.0 = Release|Any CPU
		{6BAF319B-9D0D-461A-A7BE-9E627E0A8424}.Debug|Any CPU.ActiveCfg = Debug|Any CPU
		{6BAF319B-9D0D-461A-A7BE-9E627E0A8424}.Debug|Any CPU.Build.0 = Debug|Any CPU
		{6BAF319B-9D0D-461A-A7BE-9E627E0A8424}.Debug|ARM.ActiveCfg = Debug|Any CPU
		{6BAF319B-9D0D-461A-A7BE-9E627E0A8424}.Debug|ARM.Build.0 = Debug|Any CPU
		{6BAF319B-9D0D-461A-A7BE-9E627E0A8424}.Debug|x64.ActiveCfg = Debug|Any CPU
		{6BAF319B-9D0D-461A-A7BE-9E627E0A8424}.Debug|x64.Build.0 = Debug|Any CPU
		{6BAF319B-9D0D-461A-A7BE-9E627E0A8424}.Debug|x86.ActiveCfg = Debug|Any CPU
		{6BAF319B-9D0D-461A-A7BE-9E627E0A8424}.Debug|x86.Build.0 = Debug|Any CPU
		{6BAF319B-9D0D-461A-A7BE-9E627E0A8424}.Release|Any CPU.ActiveCfg = Release|Any CPU
		{6BAF319B-9D0D-461A-A7BE-9E627E0A8424}.Release|Any CPU.Build.0 = Release|Any CPU
		{6BAF319B-9D0D-461A-A7BE-9E627E0A8424}.Release|ARM.ActiveCfg = Release|Any CPU
		{6BAF319B-9D0D-461A-A7BE-9E627E0A8424}.Release|ARM.Build.0 = Release|Any CPU
		{6BAF319B-9D0D-461A-A7BE-9E627E0A8424}.Release|x64.ActiveCfg = Release|Any CPU
		{6BAF319B-9D0D-461A-A7BE-9E627E0A8424}.Release|x64.Build.0 = Release|Any CPU
		{6BAF319B-9D0D-461A-A7BE-9E627E0A8424}.Release|x86.ActiveCfg = Release|Any CPU
		{6BAF319B-9D0D-461A-A7BE-9E627E0A8424}.Release|x86.Build.0 = Release|Any CPU
		{9497DC4E-AB32-44F2-BCDD-5DBAC0799C15}.Debug|Any CPU.ActiveCfg = Debug|Any CPU
		{9497DC4E-AB32-44F2-BCDD-5DBAC0799C15}.Debug|Any CPU.Build.0 = Debug|Any CPU
		{9497DC4E-AB32-44F2-BCDD-5DBAC0799C15}.Debug|Any CPU.Deploy.0 = Debug|Any CPU
		{9497DC4E-AB32-44F2-BCDD-5DBAC0799C15}.Debug|ARM.ActiveCfg = Debug|Any CPU
		{9497DC4E-AB32-44F2-BCDD-5DBAC0799C15}.Debug|ARM.Build.0 = Debug|Any CPU
		{9497DC4E-AB32-44F2-BCDD-5DBAC0799C15}.Debug|ARM.Deploy.0 = Debug|Any CPU
		{9497DC4E-AB32-44F2-BCDD-5DBAC0799C15}.Debug|x64.ActiveCfg = Debug|Any CPU
		{9497DC4E-AB32-44F2-BCDD-5DBAC0799C15}.Debug|x64.Build.0 = Debug|Any CPU
		{9497DC4E-AB32-44F2-BCDD-5DBAC0799C15}.Debug|x64.Deploy.0 = Debug|Any CPU
		{9497DC4E-AB32-44F2-BCDD-5DBAC0799C15}.Debug|x86.ActiveCfg = Debug|Any CPU
		{9497DC4E-AB32-44F2-BCDD-5DBAC0799C15}.Debug|x86.Build.0 = Debug|Any CPU
		{9497DC4E-AB32-44F2-BCDD-5DBAC0799C15}.Debug|x86.Deploy.0 = Debug|Any CPU
		{9497DC4E-AB32-44F2-BCDD-5DBAC0799C15}.Release|Any CPU.ActiveCfg = Release|Any CPU
		{9497DC4E-AB32-44F2-BCDD-5DBAC0799C15}.Release|Any CPU.Build.0 = Release|Any CPU
		{9497DC4E-AB32-44F2-BCDD-5DBAC0799C15}.Release|Any CPU.Deploy.0 = Release|Any CPU
		{9497DC4E-AB32-44F2-BCDD-5DBAC0799C15}.Release|ARM.ActiveCfg = Release|Any CPU
		{9497DC4E-AB32-44F2-BCDD-5DBAC0799C15}.Release|ARM.Build.0 = Release|Any CPU
		{9497DC4E-AB32-44F2-BCDD-5DBAC0799C15}.Release|ARM.Deploy.0 = Release|Any CPU
		{9497DC4E-AB32-44F2-BCDD-5DBAC0799C15}.Release|x64.ActiveCfg = Release|Any CPU
		{9497DC4E-AB32-44F2-BCDD-5DBAC0799C15}.Release|x64.Build.0 = Release|Any CPU
		{9497DC4E-AB32-44F2-BCDD-5DBAC0799C15}.Release|x64.Deploy.0 = Release|Any CPU
		{9497DC4E-AB32-44F2-BCDD-5DBAC0799C15}.Release|x86.ActiveCfg = Release|Any CPU
		{9497DC4E-AB32-44F2-BCDD-5DBAC0799C15}.Release|x86.Build.0 = Release|Any CPU
		{9497DC4E-AB32-44F2-BCDD-5DBAC0799C15}.Release|x86.Deploy.0 = Release|Any CPU
		{E6C46CD1-F244-4AD0-8F7A-42F0FF2B41AF}.Debug|Any CPU.ActiveCfg = Debug|Any CPU
		{E6C46CD1-F244-4AD0-8F7A-42F0FF2B41AF}.Debug|Any CPU.Build.0 = Debug|Any CPU
		{E6C46CD1-F244-4AD0-8F7A-42F0FF2B41AF}.Debug|ARM.ActiveCfg = Debug|Any CPU
		{E6C46CD1-F244-4AD0-8F7A-42F0FF2B41AF}.Debug|ARM.Build.0 = Debug|Any CPU
		{E6C46CD1-F244-4AD0-8F7A-42F0FF2B41AF}.Debug|x64.ActiveCfg = Debug|Any CPU
		{E6C46CD1-F244-4AD0-8F7A-42F0FF2B41AF}.Debug|x64.Build.0 = Debug|Any CPU
		{E6C46CD1-F244-4AD0-8F7A-42F0FF2B41AF}.Debug|x86.ActiveCfg = Debug|Any CPU
		{E6C46CD1-F244-4AD0-8F7A-42F0FF2B41AF}.Debug|x86.Build.0 = Debug|Any CPU
		{E6C46CD1-F244-4AD0-8F7A-42F0FF2B41AF}.Release|Any CPU.ActiveCfg = Release|Any CPU
		{E6C46CD1-F244-4AD0-8F7A-42F0FF2B41AF}.Release|Any CPU.Build.0 = Release|Any CPU
		{E6C46CD1-F244-4AD0-8F7A-42F0FF2B41AF}.Release|ARM.ActiveCfg = Release|Any CPU
		{E6C46CD1-F244-4AD0-8F7A-42F0FF2B41AF}.Release|ARM.Build.0 = Release|Any CPU
		{E6C46CD1-F244-4AD0-8F7A-42F0FF2B41AF}.Release|x64.ActiveCfg = Release|Any CPU
		{E6C46CD1-F244-4AD0-8F7A-42F0FF2B41AF}.Release|x64.Build.0 = Release|Any CPU
		{E6C46CD1-F244-4AD0-8F7A-42F0FF2B41AF}.Release|x86.ActiveCfg = Release|Any CPU
		{E6C46CD1-F244-4AD0-8F7A-42F0FF2B41AF}.Release|x86.Build.0 = Release|Any CPU
		{E0657C37-772D-493C-8BB6-80E83522B5A4}.Debug|Any CPU.ActiveCfg = Debug|Any CPU
		{E0657C37-772D-493C-8BB6-80E83522B5A4}.Debug|Any CPU.Build.0 = Debug|Any CPU
		{E0657C37-772D-493C-8BB6-80E83522B5A4}.Debug|ARM.ActiveCfg = Debug|Any CPU
		{E0657C37-772D-493C-8BB6-80E83522B5A4}.Debug|ARM.Build.0 = Debug|Any CPU
		{E0657C37-772D-493C-8BB6-80E83522B5A4}.Debug|x64.ActiveCfg = Debug|Any CPU
		{E0657C37-772D-493C-8BB6-80E83522B5A4}.Debug|x64.Build.0 = Debug|Any CPU
		{E0657C37-772D-493C-8BB6-80E83522B5A4}.Debug|x86.ActiveCfg = Debug|Any CPU
		{E0657C37-772D-493C-8BB6-80E83522B5A4}.Debug|x86.Build.0 = Debug|Any CPU
		{E0657C37-772D-493C-8BB6-80E83522B5A4}.Release|Any CPU.ActiveCfg = Release|Any CPU
		{E0657C37-772D-493C-8BB6-80E83522B5A4}.Release|Any CPU.Build.0 = Release|Any CPU
		{E0657C37-772D-493C-8BB6-80E83522B5A4}.Release|ARM.ActiveCfg = Release|Any CPU
		{E0657C37-772D-493C-8BB6-80E83522B5A4}.Release|ARM.Build.0 = Release|Any CPU
		{E0657C37-772D-493C-8BB6-80E83522B5A4}.Release|x64.ActiveCfg = Release|Any CPU
		{E0657C37-772D-493C-8BB6-80E83522B5A4}.Release|x64.Build.0 = Release|Any CPU
		{E0657C37-772D-493C-8BB6-80E83522B5A4}.Release|x86.ActiveCfg = Release|Any CPU
		{E0657C37-772D-493C-8BB6-80E83522B5A4}.Release|x86.Build.0 = Release|Any CPU
		{AADF223A-1355-440E-B6FA-B781DBBCF176}.Debug|Any CPU.ActiveCfg = Debug|Any CPU
		{AADF223A-1355-440E-B6FA-B781DBBCF176}.Debug|Any CPU.Build.0 = Debug|Any CPU
		{AADF223A-1355-440E-B6FA-B781DBBCF176}.Debug|ARM.ActiveCfg = Debug|Any CPU
		{AADF223A-1355-440E-B6FA-B781DBBCF176}.Debug|ARM.Build.0 = Debug|Any CPU
		{AADF223A-1355-440E-B6FA-B781DBBCF176}.Debug|x64.ActiveCfg = Debug|Any CPU
		{AADF223A-1355-440E-B6FA-B781DBBCF176}.Debug|x64.Build.0 = Debug|Any CPU
		{AADF223A-1355-440E-B6FA-B781DBBCF176}.Debug|x86.ActiveCfg = Debug|Any CPU
		{AADF223A-1355-440E-B6FA-B781DBBCF176}.Debug|x86.Build.0 = Debug|Any CPU
		{AADF223A-1355-440E-B6FA-B781DBBCF176}.Release|Any CPU.ActiveCfg = Release|Any CPU
		{AADF223A-1355-440E-B6FA-B781DBBCF176}.Release|Any CPU.Build.0 = Release|Any CPU
		{AADF223A-1355-440E-B6FA-B781DBBCF176}.Release|ARM.ActiveCfg = Release|Any CPU
		{AADF223A-1355-440E-B6FA-B781DBBCF176}.Release|ARM.Build.0 = Release|Any CPU
		{AADF223A-1355-440E-B6FA-B781DBBCF176}.Release|x64.ActiveCfg = Release|Any CPU
		{AADF223A-1355-440E-B6FA-B781DBBCF176}.Release|x64.Build.0 = Release|Any CPU
		{AADF223A-1355-440E-B6FA-B781DBBCF176}.Release|x86.ActiveCfg = Release|Any CPU
		{AADF223A-1355-440E-B6FA-B781DBBCF176}.Release|x86.Build.0 = Release|Any CPU
	EndGlobalSection
	GlobalSection(SolutionProperties) = preSolution
		HideSolutionNode = FALSE
	EndGlobalSection
EndGlobal
