
Microsoft Visual Studio Solution File, Format Version 12.00
# Visual Studio 15
VisualStudioVersion = 15.0.27428.2015
MinimumVisualStudioVersion = 10.0.40219.1
Project("{FAE04EC0-301F-11D3-BF4B-00C04F79EFBC}") = "TestApplication", "TestApplication\TestApplication.csproj", "{B31C6666-F34D-4FF6-A766-4D391DA87583}"
EndProject
Project("{FAE04EC0-301F-11D3-BF4B-00C04F79EFBC}") = "TestApplication.UiTests", "TestApplication.UiTests\TestApplication.UiTests.csproj", "{8AC76206-C5B8-4E21-BC0A-E3539511A859}"
EndProject
Project("{2150E333-8FDC-42A3-9474-1A3956D46DE8}") = "Solution Items", "Solution Items", "{7C938812-F9AF-4D01-A2E5-A74B041AAFAF}"
	ProjectSection(SolutionItems) = preProject
		readme.md = readme.md
	EndProjectSection
EndProject
Global
	GlobalSection(SolutionConfigurationPlatforms) = preSolution
		Debug|Any CPU = Debug|Any CPU
		Release|Any CPU = Release|Any CPU
	EndGlobalSection
	GlobalSection(ProjectConfigurationPlatforms) = postSolution
		{B31C6666-F34D-4FF6-A766-4D391DA87583}.Debug|Any CPU.ActiveCfg = Debug|Any CPU
		{B31C6666-F34D-4FF6-A766-4D391DA87583}.Debug|Any CPU.Build.0 = Debug|Any CPU
		{B31C6666-F34D-4FF6-A766-4D391DA87583}.Release|Any CPU.ActiveCfg = Release|Any CPU
		{B31C6666-F34D-4FF6-A766-4D391DA87583}.Release|Any CPU.Build.0 = Release|Any CPU
		{8AC76206-C5B8-4E21-BC0A-E3539511A859}.Debug|Any CPU.ActiveCfg = Debug|Any CPU
		{8AC76206-C5B8-4E21-BC0A-E3539511A859}.Debug|Any CPU.Build.0 = Debug|Any CPU
		{8AC76206-C5B8-4E21-BC0A-E3539511A859}.Release|Any CPU.ActiveCfg = Release|Any CPU
		{8AC76206-C5B8-4E21-BC0A-E3539511A859}.Release|Any CPU.Build.0 = Release|Any CPU
	EndGlobalSection
	GlobalSection(SolutionProperties) = preSolution
		HideSolutionNode = FALSE
	EndGlobalSection
	GlobalSection(ExtensibilityGlobals) = postSolution
		SolutionGuid = {5CAD122C-5BA4-4F18-A0B9-BB523E06C6B4}
	EndGlobalSection
EndGlobal
