
Microsoft Visual Studio Solution File, Format Version 12.00
# Visual Studio 15
VisualStudioVersion = 15.0.27703.2000
MinimumVisualStudioVersion = 10.0.40219.1
Project("{9A19103F-16F7-4668-BE54-9A1E7A4F7556}") = "DesignPatterns", "DesignPatterns\DesignPatterns.csproj", "{1C4B22AF-9757-4A4A-AA20-A29182BA8B48}"
EndProject
Project("{9A19103F-16F7-4668-BE54-9A1E7A4F7556}") = "DesignPatternsTests", "DesignPatternsTests\DesignPatternsTests.csproj", "{B5A77DFA-57F8-4622-8729-20503E2429A0}"
EndProject
Project("{9A19103F-16F7-4668-BE54-9A1E7A4F7556}") = "SampleWebApp", "SampleWebApp\SampleWebApp.csproj", "{B981D7E5-9B2D-480D-90FF-4B7DED9E0747}"
EndProject
Global
	GlobalSection(SolutionConfigurationPlatforms) = preSolution
		Debug|Any CPU = Debug|Any CPU
		Release|Any CPU = Release|Any CPU
	EndGlobalSection
	GlobalSection(ProjectConfigurationPlatforms) = postSolution
		{1C4B22AF-9757-4A4A-AA20-A29182BA8B48}.Debug|Any CPU.ActiveCfg = Debug|Any CPU
		{1C4B22AF-9757-4A4A-AA20-A29182BA8B48}.Debug|Any CPU.Build.0 = Debug|Any CPU
		{1C4B22AF-9757-4A4A-AA20-A29182BA8B48}.Release|Any CPU.ActiveCfg = Release|Any CPU
		{1C4B22AF-9757-4A4A-AA20-A29182BA8B48}.Release|Any CPU.Build.0 = Release|Any CPU
		{B5A77DFA-57F8-4622-8729-20503E2429A0}.Debug|Any CPU.ActiveCfg = Debug|Any CPU
		{B5A77DFA-57F8-4622-8729-20503E2429A0}.Debug|Any CPU.Build.0 = Debug|Any CPU
		{B5A77DFA-57F8-4622-8729-20503E2429A0}.Release|Any CPU.ActiveCfg = Release|Any CPU
		{B5A77DFA-57F8-4622-8729-20503E2429A0}.Release|Any CPU.Build.0 = Release|Any CPU
		{B981D7E5-9B2D-480D-90FF-4B7DED9E0747}.Debug|Any CPU.ActiveCfg = Debug|Any CPU
		{B981D7E5-9B2D-480D-90FF-4B7DED9E0747}.Debug|Any CPU.Build.0 = Debug|Any CPU
		{B981D7E5-9B2D-480D-90FF-4B7DED9E0747}.Release|Any CPU.ActiveCfg = Release|Any CPU
		{B981D7E5-9B2D-480D-90FF-4B7DED9E0747}.Release|Any CPU.Build.0 = Release|Any CPU
	EndGlobalSection
	GlobalSection(SolutionProperties) = preSolution
		HideSolutionNode = FALSE
	EndGlobalSection
	GlobalSection(ExtensibilityGlobals) = postSolution
		SolutionGuid = {8449D30D-904D-465A-BFCB-141B38C89EFC}
	EndGlobalSection
EndGlobal
