
Microsoft Visual Studio Solution File, Format Version 12.00
# Visual Studio Version 16
VisualStudioVersion = 16.0.28803.156
MinimumVisualStudioVersion = 15.0.26124.0
Project("{9A19103F-16F7-4668-BE54-9A1E7A4F7556}") = "SpyStore.Mvc", "SpyStore.Mvc\SpyStore.Mvc.csproj", "{FE5FA16C-6C35-44D6-8A30-F31AFD10C5EC}"
EndProject
Project("{9A19103F-16F7-4668-BE54-9A1E7A4F7556}") = "SpyStore.Dal", "SpyStore.Dal\SpyStore.Dal.csproj", "{9D143891-E5C1-49B1-BF22-1EB3AFC1371C}"
EndProject
Project("{9A19103F-16F7-4668-BE54-9A1E7A4F7556}") = "SpyStore.Models", "SpyStore.Models\SpyStore.Models.csproj", "{0C130D9B-3C9D-4879-8250-1AEEF0EFA386}"
EndProject
Project("{2150E333-8FDC-42A3-9474-1A3956D46DE8}") = "SolutionItems", "SolutionItems", "{FFE916C7-DDBD-4113-94EE-BF2378AEFADA}"
	ProjectSection(SolutionItems) = preProject
		global.json = global.json
		Migrations.txt = Migrations.txt
	EndProjectSection
EndProject
Global
	GlobalSection(SolutionConfigurationPlatforms) = preSolution
		Debug|Any CPU = Debug|Any CPU
		Debug|x64 = Debug|x64
		Debug|x86 = Debug|x86
		Release|Any CPU = Release|Any CPU
		Release|x64 = Release|x64
		Release|x86 = Release|x86
	EndGlobalSection
	GlobalSection(ProjectConfigurationPlatforms) = postSolution
		{FE5FA16C-6C35-44D6-8A30-F31AFD10C5EC}.Debug|Any CPU.ActiveCfg = Debug|Any CPU
		{FE5FA16C-6C35-44D6-8A30-F31AFD10C5EC}.Debug|Any CPU.Build.0 = Debug|Any CPU
		{FE5FA16C-6C35-44D6-8A30-F31AFD10C5EC}.Debug|x64.ActiveCfg = Debug|Any CPU
		{FE5FA16C-6C35-44D6-8A30-F31AFD10C5EC}.Debug|x64.Build.0 = Debug|Any CPU
		{FE5FA16C-6C35-44D6-8A30-F31AFD10C5EC}.Debug|x86.ActiveCfg = Debug|Any CPU
		{FE5FA16C-6C35-44D6-8A30-F31AFD10C5EC}.Debug|x86.Build.0 = Debug|Any CPU
		{FE5FA16C-6C35-44D6-8A30-F31AFD10C5EC}.Release|Any CPU.ActiveCfg = Release|Any CPU
		{FE5FA16C-6C35-44D6-8A30-F31AFD10C5EC}.Release|Any CPU.Build.0 = Release|Any CPU
		{FE5FA16C-6C35-44D6-8A30-F31AFD10C5EC}.Release|x64.ActiveCfg = Release|Any CPU
		{FE5FA16C-6C35-44D6-8A30-F31AFD10C5EC}.Release|x64.Build.0 = Release|Any CPU
		{FE5FA16C-6C35-44D6-8A30-F31AFD10C5EC}.Release|x86.ActiveCfg = Release|Any CPU
		{FE5FA16C-6C35-44D6-8A30-F31AFD10C5EC}.Release|x86.Build.0 = Release|Any CPU
		{9D143891-E5C1-49B1-BF22-1EB3AFC1371C}.Debug|Any CPU.ActiveCfg = Debug|Any CPU
		{9D143891-E5C1-49B1-BF22-1EB3AFC1371C}.Debug|Any CPU.Build.0 = Debug|Any CPU
		{9D143891-E5C1-49B1-BF22-1EB3AFC1371C}.Debug|x64.ActiveCfg = Debug|Any CPU
		{9D143891-E5C1-49B1-BF22-1EB3AFC1371C}.Debug|x64.Build.0 = Debug|Any CPU
		{9D143891-E5C1-49B1-BF22-1EB3AFC1371C}.Debug|x86.ActiveCfg = Debug|Any CPU
		{9D143891-E5C1-49B1-BF22-1EB3AFC1371C}.Debug|x86.Build.0 = Debug|Any CPU
		{9D143891-E5C1-49B1-BF22-1EB3AFC1371C}.Release|Any CPU.ActiveCfg = Release|Any CPU
		{9D143891-E5C1-49B1-BF22-1EB3AFC1371C}.Release|Any CPU.Build.0 = Release|Any CPU
		{9D143891-E5C1-49B1-BF22-1EB3AFC1371C}.Release|x64.ActiveCfg = Release|Any CPU
		{9D143891-E5C1-49B1-BF22-1EB3AFC1371C}.Release|x64.Build.0 = Release|Any CPU
		{9D143891-E5C1-49B1-BF22-1EB3AFC1371C}.Release|x86.ActiveCfg = Release|Any CPU
		{9D143891-E5C1-49B1-BF22-1EB3AFC1371C}.Release|x86.Build.0 = Release|Any CPU
		{0C130D9B-3C9D-4879-8250-1AEEF0EFA386}.Debug|Any CPU.ActiveCfg = Debug|Any CPU
		{0C130D9B-3C9D-4879-8250-1AEEF0EFA386}.Debug|Any CPU.Build.0 = Debug|Any CPU
		{0C130D9B-3C9D-4879-8250-1AEEF0EFA386}.Debug|x64.ActiveCfg = Debug|Any CPU
		{0C130D9B-3C9D-4879-8250-1AEEF0EFA386}.Debug|x64.Build.0 = Debug|Any CPU
		{0C130D9B-3C9D-4879-8250-1AEEF0EFA386}.Debug|x86.ActiveCfg = Debug|Any CPU
		{0C130D9B-3C9D-4879-8250-1AEEF0EFA386}.Debug|x86.Build.0 = Debug|Any CPU
		{0C130D9B-3C9D-4879-8250-1AEEF0EFA386}.Release|Any CPU.ActiveCfg = Release|Any CPU
		{0C130D9B-3C9D-4879-8250-1AEEF0EFA386}.Release|Any CPU.Build.0 = Release|Any CPU
		{0C130D9B-3C9D-4879-8250-1AEEF0EFA386}.Release|x64.ActiveCfg = Release|Any CPU
		{0C130D9B-3C9D-4879-8250-1AEEF0EFA386}.Release|x64.Build.0 = Release|Any CPU
		{0C130D9B-3C9D-4879-8250-1AEEF0EFA386}.Release|x86.ActiveCfg = Release|Any CPU
		{0C130D9B-3C9D-4879-8250-1AEEF0EFA386}.Release|x86.Build.0 = Release|Any CPU
		{023F3E9A-1854-4EBC-8C07-D6D09E67003A}.Debug|Any CPU.ActiveCfg = Debug|Any CPU
		{023F3E9A-1854-4EBC-8C07-D6D09E67003A}.Debug|Any CPU.Build.0 = Debug|Any CPU
		{023F3E9A-1854-4EBC-8C07-D6D09E67003A}.Debug|x64.ActiveCfg = Debug|Any CPU
		{023F3E9A-1854-4EBC-8C07-D6D09E67003A}.Debug|x64.Build.0 = Debug|Any CPU
		{023F3E9A-1854-4EBC-8C07-D6D09E67003A}.Debug|x86.ActiveCfg = Debug|Any CPU
		{023F3E9A-1854-4EBC-8C07-D6D09E67003A}.Debug|x86.Build.0 = Debug|Any CPU
		{023F3E9A-1854-4EBC-8C07-D6D09E67003A}.Release|Any CPU.ActiveCfg = Release|Any CPU
		{023F3E9A-1854-4EBC-8C07-D6D09E67003A}.Release|Any CPU.Build.0 = Release|Any CPU
		{023F3E9A-1854-4EBC-8C07-D6D09E67003A}.Release|x64.ActiveCfg = Release|Any CPU
		{023F3E9A-1854-4EBC-8C07-D6D09E67003A}.Release|x64.Build.0 = Release|Any CPU
		{023F3E9A-1854-4EBC-8C07-D6D09E67003A}.Release|x86.ActiveCfg = Release|Any CPU
		{023F3E9A-1854-4EBC-8C07-D6D09E67003A}.Release|x86.Build.0 = Release|Any CPU
	EndGlobalSection
	GlobalSection(SolutionProperties) = preSolution
		HideSolutionNode = FALSE
	EndGlobalSection
	GlobalSection(ExtensibilityGlobals) = postSolution
		SolutionGuid = {D222BF33-B86E-44F1-949D-77474EB1A2AB}
	EndGlobalSection
EndGlobal
