
Microsoft Visual Studio Solution File, Format Version 12.00
# Visual Studio Version 17
VisualStudioVersion = 17.0.31903.59
MinimumVisualStudioVersion = 10.0.40219.1
Project("{9A19103F-16F7-4668-BE54-9A1E7A4F7556}") = "AutoLot.Models", "AutoLot.Models\AutoLot.Models.csproj", "{7406FD63-D8A2-4C2E-9F84-9D0FA6520BC3}"
EndProject
Project("{9A19103F-16F7-4668-BE54-9A1E7A4F7556}") = "AutoLot.Dal", "AutoLot.Dal\AutoLot.Dal.csproj", "{849C0EF6-5352-4AFB-B352-19D576140731}"
EndProject
Project("{9A19103F-16F7-4668-BE54-9A1E7A4F7556}") = "AutoLot.Services", "AutoLot.Services\AutoLot.Services.csproj", "{0F7674AC-10F9-42C5-8159-2C098F2F5ED0}"
EndProject
Project("{9A19103F-16F7-4668-BE54-9A1E7A4F7556}") = "AutoLot.Dal.Tests", "AutoLot.Dal.Tests\AutoLot.Dal.Tests.csproj", "{A43E50F0-886C-4E46-A626-5290231C3D95}"
EndProject
Project("{9A19103F-16F7-4668-BE54-9A1E7A4F7556}") = "AutoLot.Web", "AutoLot.Web\AutoLot.Web.csproj", "{C1AC4D8A-8982-41E2-B048-FDE3635B824E}"
EndProject
Project("{2150E333-8FDC-42A3-9474-1A3956D46DE8}") = "Solution Items", "Solution Items", "{4A6CBB07-3E1D-426C-9B6C-459793CC3070}"
	ProjectSection(SolutionItems) = preProject
		..\addpackages.cmd = ..\addpackages.cmd
		..\createsolutionandprojects.cmd = ..\createsolutionandprojects.cmd
		..\createsolutionsandprojects.sh = ..\createsolutionsandprojects.sh
		Docker.txt = Docker.txt
		..\global.json = ..\global.json
		Lab14.txt = Lab14.txt
		Migrations.txt = Migrations.txt
		..\nuget.config = ..\nuget.config
	EndProjectSection
EndProject
Global
	GlobalSection(SolutionConfigurationPlatforms) = preSolution
		Debug|Any CPU = Debug|Any CPU
		Release|Any CPU = Release|Any CPU
	EndGlobalSection
	GlobalSection(ProjectConfigurationPlatforms) = postSolution
		{7406FD63-D8A2-4C2E-9F84-9D0FA6520BC3}.Debug|Any CPU.ActiveCfg = Debug|Any CPU
		{7406FD63-D8A2-4C2E-9F84-9D0FA6520BC3}.Debug|Any CPU.Build.0 = Debug|Any CPU
		{7406FD63-D8A2-4C2E-9F84-9D0FA6520BC3}.Release|Any CPU.ActiveCfg = Release|Any CPU
		{7406FD63-D8A2-4C2E-9F84-9D0FA6520BC3}.Release|Any CPU.Build.0 = Release|Any CPU
		{849C0EF6-5352-4AFB-B352-19D576140731}.Debug|Any CPU.ActiveCfg = Debug|Any CPU
		{849C0EF6-5352-4AFB-B352-19D576140731}.Debug|Any CPU.Build.0 = Debug|Any CPU
		{849C0EF6-5352-4AFB-B352-19D576140731}.Release|Any CPU.ActiveCfg = Release|Any CPU
		{849C0EF6-5352-4AFB-B352-19D576140731}.Release|Any CPU.Build.0 = Release|Any CPU
		{0F7674AC-10F9-42C5-8159-2C098F2F5ED0}.Debug|Any CPU.ActiveCfg = Debug|Any CPU
		{0F7674AC-10F9-42C5-8159-2C098F2F5ED0}.Debug|Any CPU.Build.0 = Debug|Any CPU
		{0F7674AC-10F9-42C5-8159-2C098F2F5ED0}.Release|Any CPU.ActiveCfg = Release|Any CPU
		{0F7674AC-10F9-42C5-8159-2C098F2F5ED0}.Release|Any CPU.Build.0 = Release|Any CPU
		{A43E50F0-886C-4E46-A626-5290231C3D95}.Debug|Any CPU.ActiveCfg = Debug|Any CPU
		{A43E50F0-886C-4E46-A626-5290231C3D95}.Debug|Any CPU.Build.0 = Debug|Any CPU
		{A43E50F0-886C-4E46-A626-5290231C3D95}.Release|Any CPU.ActiveCfg = Release|Any CPU
		{A43E50F0-886C-4E46-A626-5290231C3D95}.Release|Any CPU.Build.0 = Release|Any CPU
		{C1AC4D8A-8982-41E2-B048-FDE3635B824E}.Debug|Any CPU.ActiveCfg = Debug|Any CPU
		{C1AC4D8A-8982-41E2-B048-FDE3635B824E}.Debug|Any CPU.Build.0 = Debug|Any CPU
		{C1AC4D8A-8982-41E2-B048-FDE3635B824E}.Release|Any CPU.ActiveCfg = Release|Any CPU
		{C1AC4D8A-8982-41E2-B048-FDE3635B824E}.Release|Any CPU.Build.0 = Release|Any CPU
	EndGlobalSection
	GlobalSection(SolutionProperties) = preSolution
		HideSolutionNode = FALSE
	EndGlobalSection
	GlobalSection(ExtensibilityGlobals) = postSolution
		SolutionGuid = {E3F82F97-E352-440A-9C67-0C00D65F8328}
	EndGlobalSection
EndGlobal
