
Microsoft Visual Studio Solution File, Format Version 12.00
# Visual Studio Version 17
VisualStudioVersion = 17.0.31903.59
MinimumVisualStudioVersion = 10.0.40219.1
Project("{2150E333-8FDC-42A3-9474-1A3956D46DE8}") = "SolutionItems", "SolutionItems", "{943C9206-BCC1-4EEF-8E56-9899DBC0913F}"
	ProjectSection(SolutionItems) = preProject
		Directory.Build.props = Directory.Build.props
		global.json = global.json
		nuget.config = nuget.config
	EndProjectSection
EndProject
Project("{9A19103F-16F7-4668-BE54-9A1E7A4F7556}") = "AutoLot.Services", "AutoLot.Services\AutoLot.Services.csproj", "{C7277B36-E6CC-4EB4-B619-7A8DF23D79B8}"
EndProject
Project("{9A19103F-16F7-4668-BE54-9A1E7A4F7556}") = "AutoLot.Api", "AutoLot.Api\AutoLot.Api.csproj", "{EE43F577-63FF-4F64-8A8B-CB44AB08E861}"
EndProject
Project("{9A19103F-16F7-4668-BE54-9A1E7A4F7556}") = "AutoLot.Models", "AutoLot.Models\AutoLot.Models.csproj", "{82546386-CBFC-437F-81EF-B3DCF4148333}"
EndProject
Project("{9A19103F-16F7-4668-BE54-9A1E7A4F7556}") = "AutoLot.Dal", "AutoLot.Dal\AutoLot.Dal.csproj", "{0DB4D05F-AE48-47A4-B58B-7986B8E954AA}"
EndProject
Project("{9A19103F-16F7-4668-BE54-9A1E7A4F7556}") = "AutoLot.Dal.Tests", "AutoLot.Dal.Tests\AutoLot.Dal.Tests.csproj", "{FB41F7D1-B4C7-4FCA-8CB4-59FB6E99D24D}"
EndProject
Global
	GlobalSection(SolutionConfigurationPlatforms) = preSolution
		Debug|Any CPU = Debug|Any CPU
		Release|Any CPU = Release|Any CPU
	EndGlobalSection
	GlobalSection(ProjectConfigurationPlatforms) = postSolution
		{C7277B36-E6CC-4EB4-B619-7A8DF23D79B8}.Debug|Any CPU.ActiveCfg = Debug|Any CPU
		{C7277B36-E6CC-4EB4-B619-7A8DF23D79B8}.Debug|Any CPU.Build.0 = Debug|Any CPU
		{C7277B36-E6CC-4EB4-B619-7A8DF23D79B8}.Release|Any CPU.ActiveCfg = Release|Any CPU
		{C7277B36-E6CC-4EB4-B619-7A8DF23D79B8}.Release|Any CPU.Build.0 = Release|Any CPU
		{EE43F577-63FF-4F64-8A8B-CB44AB08E861}.Debug|Any CPU.ActiveCfg = Debug|Any CPU
		{EE43F577-63FF-4F64-8A8B-CB44AB08E861}.Debug|Any CPU.Build.0 = Debug|Any CPU
		{EE43F577-63FF-4F64-8A8B-CB44AB08E861}.Release|Any CPU.ActiveCfg = Release|Any CPU
		{EE43F577-63FF-4F64-8A8B-CB44AB08E861}.Release|Any CPU.Build.0 = Release|Any CPU
		{82546386-CBFC-437F-81EF-B3DCF4148333}.Debug|Any CPU.ActiveCfg = Debug|Any CPU
		{82546386-CBFC-437F-81EF-B3DCF4148333}.Debug|Any CPU.Build.0 = Debug|Any CPU
		{82546386-CBFC-437F-81EF-B3DCF4148333}.Release|Any CPU.ActiveCfg = Release|Any CPU
		{82546386-CBFC-437F-81EF-B3DCF4148333}.Release|Any CPU.Build.0 = Release|Any CPU
		{0DB4D05F-AE48-47A4-B58B-7986B8E954AA}.Debug|Any CPU.ActiveCfg = Debug|Any CPU
		{0DB4D05F-AE48-47A4-B58B-7986B8E954AA}.Debug|Any CPU.Build.0 = Debug|Any CPU
		{0DB4D05F-AE48-47A4-B58B-7986B8E954AA}.Release|Any CPU.ActiveCfg = Release|Any CPU
		{0DB4D05F-AE48-47A4-B58B-7986B8E954AA}.Release|Any CPU.Build.0 = Release|Any CPU
		{FB41F7D1-B4C7-4FCA-8CB4-59FB6E99D24D}.Debug|Any CPU.ActiveCfg = Debug|Any CPU
		{FB41F7D1-B4C7-4FCA-8CB4-59FB6E99D24D}.Debug|Any CPU.Build.0 = Debug|Any CPU
		{FB41F7D1-B4C7-4FCA-8CB4-59FB6E99D24D}.Release|Any CPU.ActiveCfg = Release|Any CPU
		{FB41F7D1-B4C7-4FCA-8CB4-59FB6E99D24D}.Release|Any CPU.Build.0 = Release|Any CPU
	EndGlobalSection
	GlobalSection(SolutionProperties) = preSolution
		HideSolutionNode = FALSE
	EndGlobalSection
	GlobalSection(ExtensibilityGlobals) = postSolution
		SolutionGuid = {A61C2FFA-CA3A-433F-AA16-28E6258FE850}
	EndGlobalSection
EndGlobal
