
Microsoft Visual Studio Solution File, Format Version 12.00
# Visual Studio Version 16
VisualStudioVersion = 16.0.28315.86
MinimumVisualStudioVersion = 10.0.40219.1
Project("{9A19103F-16F7-4668-BE54-9A1E7A4F7556}") = "WhatsNewInCSharp7", "WhatsNewInCSharp7\WhatsNewInCSharp7.csproj", "{BDE0FE82-4CC3-4535-8978-2CB50A0332E3}"
EndProject
Project("{9A19103F-16F7-4668-BE54-9A1E7A4F7556}") = "WhatsNewInCSharp71", "WhatsNewInCSharp71\WhatsNewInCSharp71.csproj", "{508C02FD-38B2-4657-978E-3931F2ED2D88}"
EndProject
Project("{9A19103F-16F7-4668-BE54-9A1E7A4F7556}") = "WhatsNewInCSharp72", "WhatsNewInCSharp72\WhatsNewInCSharp72.csproj", "{3731268C-1B3C-4AB4-849B-C35CD895AB89}"
EndProject
Project("{9A19103F-16F7-4668-BE54-9A1E7A4F7556}") = "WhatsNewInCSharp73", "WhatsNewInCSharp73\WhatsNewInCSharp73.csproj", "{42384B62-6A8A-4057-9488-C04604A14F6C}"
EndProject
Project("{9A19103F-16F7-4668-BE54-9A1E7A4F7556}") = "WhatsNewInCSharp7_Tests", "WhatsNewInCSharp7_Tests\WhatsNewInCSharp7_Tests.csproj", "{E4543F2E-88C1-4A50-A962-67F829A83203}"
EndProject
Project("{9A19103F-16F7-4668-BE54-9A1E7A4F7556}") = "WhatsNewInCSharp71_Tests", "WhatsNewInCSharp71_Tests\WhatsNewInCSharp71_Tests.csproj", "{45557269-2A2D-428A-9D5A-EC6C47321112}"
EndProject
Project("{9A19103F-16F7-4668-BE54-9A1E7A4F7556}") = "WhatsNewInCSharp72_Tests", "WhatsNewInCSharp72_Tests\WhatsNewInCSharp72_Tests.csproj", "{D6A020E2-F0A9-4A84-A872-7DAE8EC521EA}"
EndProject
Project("{9A19103F-16F7-4668-BE54-9A1E7A4F7556}") = "WhatsNewInCSharp73_Tests", "WhatsNewInCSharp73_Tests\WhatsNewInCSharp73_Tests.csproj", "{0C752435-CAB6-474C-826E-DD344F2C1357}"
EndProject
Project("{9A19103F-16F7-4668-BE54-9A1E7A4F7556}") = "WhatsNewInCSharp8", "WhatsNewInCSharp8\WhatsNewInCSharp8.csproj", "{DF39FDFE-9C15-424E-B731-67F79B99DCFB}"
EndProject
Global
	GlobalSection(SolutionConfigurationPlatforms) = preSolution
		Debug|Any CPU = Debug|Any CPU
		Release|Any CPU = Release|Any CPU
	EndGlobalSection
	GlobalSection(ProjectConfigurationPlatforms) = postSolution
		{BDE0FE82-4CC3-4535-8978-2CB50A0332E3}.Debug|Any CPU.ActiveCfg = Debug|Any CPU
		{BDE0FE82-4CC3-4535-8978-2CB50A0332E3}.Debug|Any CPU.Build.0 = Debug|Any CPU
		{BDE0FE82-4CC3-4535-8978-2CB50A0332E3}.Release|Any CPU.ActiveCfg = Release|Any CPU
		{BDE0FE82-4CC3-4535-8978-2CB50A0332E3}.Release|Any CPU.Build.0 = Release|Any CPU
		{508C02FD-38B2-4657-978E-3931F2ED2D88}.Debug|Any CPU.ActiveCfg = Debug|Any CPU
		{508C02FD-38B2-4657-978E-3931F2ED2D88}.Debug|Any CPU.Build.0 = Debug|Any CPU
		{508C02FD-38B2-4657-978E-3931F2ED2D88}.Release|Any CPU.ActiveCfg = Release|Any CPU
		{508C02FD-38B2-4657-978E-3931F2ED2D88}.Release|Any CPU.Build.0 = Release|Any CPU
		{3731268C-1B3C-4AB4-849B-C35CD895AB89}.Debug|Any CPU.ActiveCfg = Debug|Any CPU
		{3731268C-1B3C-4AB4-849B-C35CD895AB89}.Debug|Any CPU.Build.0 = Debug|Any CPU
		{3731268C-1B3C-4AB4-849B-C35CD895AB89}.Release|Any CPU.ActiveCfg = Release|Any CPU
		{3731268C-1B3C-4AB4-849B-C35CD895AB89}.Release|Any CPU.Build.0 = Release|Any CPU
		{42384B62-6A8A-4057-9488-C04604A14F6C}.Debug|Any CPU.ActiveCfg = Debug|Any CPU
		{42384B62-6A8A-4057-9488-C04604A14F6C}.Debug|Any CPU.Build.0 = Debug|Any CPU
		{42384B62-6A8A-4057-9488-C04604A14F6C}.Release|Any CPU.ActiveCfg = Release|Any CPU
		{42384B62-6A8A-4057-9488-C04604A14F6C}.Release|Any CPU.Build.0 = Release|Any CPU
		{E4543F2E-88C1-4A50-A962-67F829A83203}.Debug|Any CPU.ActiveCfg = Debug|Any CPU
		{E4543F2E-88C1-4A50-A962-67F829A83203}.Debug|Any CPU.Build.0 = Debug|Any CPU
		{E4543F2E-88C1-4A50-A962-67F829A83203}.Release|Any CPU.ActiveCfg = Release|Any CPU
		{E4543F2E-88C1-4A50-A962-67F829A83203}.Release|Any CPU.Build.0 = Release|Any CPU
		{45557269-2A2D-428A-9D5A-EC6C47321112}.Debug|Any CPU.ActiveCfg = Debug|Any CPU
		{45557269-2A2D-428A-9D5A-EC6C47321112}.Debug|Any CPU.Build.0 = Debug|Any CPU
		{45557269-2A2D-428A-9D5A-EC6C47321112}.Release|Any CPU.ActiveCfg = Release|Any CPU
		{45557269-2A2D-428A-9D5A-EC6C47321112}.Release|Any CPU.Build.0 = Release|Any CPU
		{D6A020E2-F0A9-4A84-A872-7DAE8EC521EA}.Debug|Any CPU.ActiveCfg = Debug|Any CPU
		{D6A020E2-F0A9-4A84-A872-7DAE8EC521EA}.Debug|Any CPU.Build.0 = Debug|Any CPU
		{D6A020E2-F0A9-4A84-A872-7DAE8EC521EA}.Release|Any CPU.ActiveCfg = Release|Any CPU
		{D6A020E2-F0A9-4A84-A872-7DAE8EC521EA}.Release|Any CPU.Build.0 = Release|Any CPU
		{0C752435-CAB6-474C-826E-DD344F2C1357}.Debug|Any CPU.ActiveCfg = Debug|Any CPU
		{0C752435-CAB6-474C-826E-DD344F2C1357}.Debug|Any CPU.Build.0 = Debug|Any CPU
		{0C752435-CAB6-474C-826E-DD344F2C1357}.Release|Any CPU.ActiveCfg = Release|Any CPU
		{0C752435-CAB6-474C-826E-DD344F2C1357}.Release|Any CPU.Build.0 = Release|Any CPU
		{DF39FDFE-9C15-424E-B731-67F79B99DCFB}.Debug|Any CPU.ActiveCfg = Debug|Any CPU
		{DF39FDFE-9C15-424E-B731-67F79B99DCFB}.Debug|Any CPU.Build.0 = Debug|Any CPU
		{DF39FDFE-9C15-424E-B731-67F79B99DCFB}.Release|Any CPU.ActiveCfg = Release|Any CPU
		{DF39FDFE-9C15-424E-B731-67F79B99DCFB}.Release|Any CPU.Build.0 = Release|Any CPU
	EndGlobalSection
	GlobalSection(SolutionProperties) = preSolution
		HideSolutionNode = FALSE
	EndGlobalSection
	GlobalSection(ExtensibilityGlobals) = postSolution
		SolutionGuid = {C022E7D3-65DB-498E-888F-DFF152FA2EA7}
	EndGlobalSection
EndGlobal
