
Microsoft Visual Studio Solution File, Format Version 12.00
# Visual Studio Version 16
VisualStudioVersion = 16.0.29319.158
MinimumVisualStudioVersion = 10.0.40219.1
Project("{9A19103F-16F7-4668-BE54-9A1E7A4F7556}") = "EFCore3", "EFCore3\EFCore3.csproj", "{3D63FCC1-6228-49B8-BA99-A1DCFC0DDF1C}"
EndProject
Project("{9A19103F-16F7-4668-BE54-9A1E7A4F7556}") = "EFCore2.2", "EFCore2.2\EFCore2.2.csproj", "{2D2E34A2-6E32-4064-BDA8-5DE1E3878AC0}"
EndProject
Project("{9A19103F-16F7-4668-BE54-9A1E7A4F7556}") = "EF63", "EF63\EF63.csproj", "{E42D69BC-C3C7-419D-81EB-1A4D459D535D}"
EndProject
Project("{2150E333-8FDC-42A3-9474-1A3956D46DE8}") = "SolutionItems", "SolutionItems", "{DC16884C-0984-4715-936E-C210F106C813}"
	ProjectSection(SolutionItems) = preProject
		Migrations.txt = Migrations.txt
	EndProjectSection
EndProject
Project("{FAE04EC0-301F-11D3-BF4B-00C04F79EFBC}") = "EF62", "EF62\EF62.csproj", "{6006DB79-E7D8-481C-8A05-D9309D642627}"
EndProject
Project("{FAE04EC0-301F-11D3-BF4B-00C04F79EFBC}") = "Performace", "Performace\Performace.csproj", "{780373B5-790D-41F3-BE1C-7856083E140D}"
EndProject
Global
	GlobalSection(SolutionConfigurationPlatforms) = preSolution
		Debug|Any CPU = Debug|Any CPU
		Release|Any CPU = Release|Any CPU
	EndGlobalSection
	GlobalSection(ProjectConfigurationPlatforms) = postSolution
		{3D63FCC1-6228-49B8-BA99-A1DCFC0DDF1C}.Debug|Any CPU.ActiveCfg = Debug|Any CPU
		{3D63FCC1-6228-49B8-BA99-A1DCFC0DDF1C}.Debug|Any CPU.Build.0 = Debug|Any CPU
		{3D63FCC1-6228-49B8-BA99-A1DCFC0DDF1C}.Release|Any CPU.ActiveCfg = Release|Any CPU
		{3D63FCC1-6228-49B8-BA99-A1DCFC0DDF1C}.Release|Any CPU.Build.0 = Release|Any CPU
		{2D2E34A2-6E32-4064-BDA8-5DE1E3878AC0}.Debug|Any CPU.ActiveCfg = Debug|Any CPU
		{2D2E34A2-6E32-4064-BDA8-5DE1E3878AC0}.Debug|Any CPU.Build.0 = Debug|Any CPU
		{2D2E34A2-6E32-4064-BDA8-5DE1E3878AC0}.Release|Any CPU.ActiveCfg = Release|Any CPU
		{2D2E34A2-6E32-4064-BDA8-5DE1E3878AC0}.Release|Any CPU.Build.0 = Release|Any CPU
		{E42D69BC-C3C7-419D-81EB-1A4D459D535D}.Debug|Any CPU.ActiveCfg = Debug|Any CPU
		{E42D69BC-C3C7-419D-81EB-1A4D459D535D}.Debug|Any CPU.Build.0 = Debug|Any CPU
		{E42D69BC-C3C7-419D-81EB-1A4D459D535D}.Release|Any CPU.ActiveCfg = Release|Any CPU
		{E42D69BC-C3C7-419D-81EB-1A4D459D535D}.Release|Any CPU.Build.0 = Release|Any CPU
		{6006DB79-E7D8-481C-8A05-D9309D642627}.Debug|Any CPU.ActiveCfg = Debug|Any CPU
		{6006DB79-E7D8-481C-8A05-D9309D642627}.Debug|Any CPU.Build.0 = Debug|Any CPU
		{6006DB79-E7D8-481C-8A05-D9309D642627}.Release|Any CPU.ActiveCfg = Release|Any CPU
		{6006DB79-E7D8-481C-8A05-D9309D642627}.Release|Any CPU.Build.0 = Release|Any CPU
		{780373B5-790D-41F3-BE1C-7856083E140D}.Debug|Any CPU.ActiveCfg = Debug|Any CPU
		{780373B5-790D-41F3-BE1C-7856083E140D}.Debug|Any CPU.Build.0 = Debug|Any CPU
		{780373B5-790D-41F3-BE1C-7856083E140D}.Release|Any CPU.ActiveCfg = Release|Any CPU
		{780373B5-790D-41F3-BE1C-7856083E140D}.Release|Any CPU.Build.0 = Release|Any CPU
	EndGlobalSection
	GlobalSection(SolutionProperties) = preSolution
		HideSolutionNode = FALSE
	EndGlobalSection
	GlobalSection(ExtensibilityGlobals) = postSolution
		SolutionGuid = {BE817306-6926-4164-B05C-DFFD76F999F8}
	EndGlobalSection
EndGlobal
