
Microsoft Visual Studio Solution File, Format Version 12.00
# Visual Studio 15
VisualStudioVersion = 15.0.26228.0
MinimumVisualStudioVersion = 10.0.40219.1
Project("{FAE04EC0-301F-11D3-BF4B-00C04F79EFBC}") = "1_Performance", "Performance\1_Performance.csproj", "{FE585078-A9D2-40B1-9826-3D31282E6506}"
EndProject
Project("{FAE04EC0-301F-11D3-BF4B-00C04F79EFBC}") = "3_FieldMapping", "FieldMapping\3_FieldMapping.csproj", "{53F797EF-D203-4314-8A90-B8811D354CFD}"
EndProject
Project("{FAE04EC0-301F-11D3-BF4B-00C04F79EFBC}") = "4_ConnectionResiliency", "ConnectionResiliency\4_ConnectionResiliency.csproj", "{705EA0A2-62F1-4BE7-A47D-5978598293B2}"
EndProject
Project("{FAE04EC0-301F-11D3-BF4B-00C04F79EFBC}") = "5_Concurrency", "Concurrency\5_Concurrency.csproj", "{7D77815B-5F56-41B3-9311-4A27D96B50E4}"
EndProject
Project("{FAE04EC0-301F-11D3-BF4B-00C04F79EFBC}") = "2_Batching", "Batching\2_Batching.csproj", "{2470AF4B-734E-4D71-9843-74545D46AFB3}"
EndProject
Project("{FAE04EC0-301F-11D3-BF4B-00C04F79EFBC}") = "6_MixedEvaluation", "MixedEvaluation\6_MixedEvaluation.csproj", "{B6EB430E-91BD-48FB-8399-0E787CD86952}"
EndProject
Project("{FAE04EC0-301F-11D3-BF4B-00C04F79EFBC}") = "7_FromSQL", "FromSQL\7_FromSQL.csproj", "{AA918D05-B594-412C-9F52-6492623153FF}"
EndProject
Project("{FAE04EC0-301F-11D3-BF4B-00C04F79EFBC}") = "8_Migrations", "Migrations\8_Migrations.csproj", "{BDF122CC-A7E6-49CE-9E30-734BF32AD8FD}"
EndProject
Project("{FAE04EC0-301F-11D3-BF4B-00C04F79EFBC}") = "9_ComputedColumns", "ComputedColumns\9_ComputedColumns.csproj", "{E7194098-14EB-41F5-9739-6CE72A604247}"
EndProject
Global
	GlobalSection(SolutionConfigurationPlatforms) = preSolution
		Debug|Any CPU = Debug|Any CPU
		Debug|x64 = Debug|x64
		Debug|x86 = Debug|x86
		Release|Any CPU = Release|Any CPU
		Release|x64 = Release|x64
		Release|x86 = Release|x86
	EndGlobalSection
	GlobalSection(ProjectConfigurationPlatforms) = postSolution
		{FE585078-A9D2-40B1-9826-3D31282E6506}.Debug|Any CPU.ActiveCfg = Debug|Any CPU
		{FE585078-A9D2-40B1-9826-3D31282E6506}.Debug|Any CPU.Build.0 = Debug|Any CPU
		{FE585078-A9D2-40B1-9826-3D31282E6506}.Debug|x64.ActiveCfg = Debug|Any CPU
		{FE585078-A9D2-40B1-9826-3D31282E6506}.Debug|x64.Build.0 = Debug|Any CPU
		{FE585078-A9D2-40B1-9826-3D31282E6506}.Debug|x86.ActiveCfg = Debug|Any CPU
		{FE585078-A9D2-40B1-9826-3D31282E6506}.Debug|x86.Build.0 = Debug|Any CPU
		{FE585078-A9D2-40B1-9826-3D31282E6506}.Release|Any CPU.ActiveCfg = Release|Any CPU
		{FE585078-A9D2-40B1-9826-3D31282E6506}.Release|Any CPU.Build.0 = Release|Any CPU
		{FE585078-A9D2-40B1-9826-3D31282E6506}.Release|x64.ActiveCfg = Release|Any CPU
		{FE585078-A9D2-40B1-9826-3D31282E6506}.Release|x64.Build.0 = Release|Any CPU
		{FE585078-A9D2-40B1-9826-3D31282E6506}.Release|x86.ActiveCfg = Release|Any CPU
		{FE585078-A9D2-40B1-9826-3D31282E6506}.Release|x86.Build.0 = Release|Any CPU
		{53F797EF-D203-4314-8A90-B8811D354CFD}.Debug|Any CPU.ActiveCfg = Debug|Any CPU
		{53F797EF-D203-4314-8A90-B8811D354CFD}.Debug|Any CPU.Build.0 = Debug|Any CPU
		{53F797EF-D203-4314-8A90-B8811D354CFD}.Debug|x64.ActiveCfg = Debug|Any CPU
		{53F797EF-D203-4314-8A90-B8811D354CFD}.Debug|x64.Build.0 = Debug|Any CPU
		{53F797EF-D203-4314-8A90-B8811D354CFD}.Debug|x86.ActiveCfg = Debug|Any CPU
		{53F797EF-D203-4314-8A90-B8811D354CFD}.Debug|x86.Build.0 = Debug|Any CPU
		{53F797EF-D203-4314-8A90-B8811D354CFD}.Release|Any CPU.ActiveCfg = Release|Any CPU
		{53F797EF-D203-4314-8A90-B8811D354CFD}.Release|Any CPU.Build.0 = Release|Any CPU
		{53F797EF-D203-4314-8A90-B8811D354CFD}.Release|x64.ActiveCfg = Release|Any CPU
		{53F797EF-D203-4314-8A90-B8811D354CFD}.Release|x64.Build.0 = Release|Any CPU
		{53F797EF-D203-4314-8A90-B8811D354CFD}.Release|x86.ActiveCfg = Release|Any CPU
		{53F797EF-D203-4314-8A90-B8811D354CFD}.Release|x86.Build.0 = Release|Any CPU
		{705EA0A2-62F1-4BE7-A47D-5978598293B2}.Debug|Any CPU.ActiveCfg = Debug|Any CPU
		{705EA0A2-62F1-4BE7-A47D-5978598293B2}.Debug|Any CPU.Build.0 = Debug|Any CPU
		{705EA0A2-62F1-4BE7-A47D-5978598293B2}.Debug|x64.ActiveCfg = Debug|Any CPU
		{705EA0A2-62F1-4BE7-A47D-5978598293B2}.Debug|x64.Build.0 = Debug|Any CPU
		{705EA0A2-62F1-4BE7-A47D-5978598293B2}.Debug|x86.ActiveCfg = Debug|Any CPU
		{705EA0A2-62F1-4BE7-A47D-5978598293B2}.Debug|x86.Build.0 = Debug|Any CPU
		{705EA0A2-62F1-4BE7-A47D-5978598293B2}.Release|Any CPU.ActiveCfg = Release|Any CPU
		{705EA0A2-62F1-4BE7-A47D-5978598293B2}.Release|Any CPU.Build.0 = Release|Any CPU
		{705EA0A2-62F1-4BE7-A47D-5978598293B2}.Release|x64.ActiveCfg = Release|Any CPU
		{705EA0A2-62F1-4BE7-A47D-5978598293B2}.Release|x64.Build.0 = Release|Any CPU
		{705EA0A2-62F1-4BE7-A47D-5978598293B2}.Release|x86.ActiveCfg = Release|Any CPU
		{705EA0A2-62F1-4BE7-A47D-5978598293B2}.Release|x86.Build.0 = Release|Any CPU
		{7D77815B-5F56-41B3-9311-4A27D96B50E4}.Debug|Any CPU.ActiveCfg = Debug|Any CPU
		{7D77815B-5F56-41B3-9311-4A27D96B50E4}.Debug|Any CPU.Build.0 = Debug|Any CPU
		{7D77815B-5F56-41B3-9311-4A27D96B50E4}.Debug|x64.ActiveCfg = Debug|Any CPU
		{7D77815B-5F56-41B3-9311-4A27D96B50E4}.Debug|x64.Build.0 = Debug|Any CPU
		{7D77815B-5F56-41B3-9311-4A27D96B50E4}.Debug|x86.ActiveCfg = Debug|Any CPU
		{7D77815B-5F56-41B3-9311-4A27D96B50E4}.Debug|x86.Build.0 = Debug|Any CPU
		{7D77815B-5F56-41B3-9311-4A27D96B50E4}.Release|Any CPU.ActiveCfg = Release|Any CPU
		{7D77815B-5F56-41B3-9311-4A27D96B50E4}.Release|Any CPU.Build.0 = Release|Any CPU
		{7D77815B-5F56-41B3-9311-4A27D96B50E4}.Release|x64.ActiveCfg = Release|Any CPU
		{7D77815B-5F56-41B3-9311-4A27D96B50E4}.Release|x64.Build.0 = Release|Any CPU
		{7D77815B-5F56-41B3-9311-4A27D96B50E4}.Release|x86.ActiveCfg = Release|Any CPU
		{7D77815B-5F56-41B3-9311-4A27D96B50E4}.Release|x86.Build.0 = Release|Any CPU
		{2470AF4B-734E-4D71-9843-74545D46AFB3}.Debug|Any CPU.ActiveCfg = Debug|Any CPU
		{2470AF4B-734E-4D71-9843-74545D46AFB3}.Debug|Any CPU.Build.0 = Debug|Any CPU
		{2470AF4B-734E-4D71-9843-74545D46AFB3}.Debug|x64.ActiveCfg = Debug|Any CPU
		{2470AF4B-734E-4D71-9843-74545D46AFB3}.Debug|x64.Build.0 = Debug|Any CPU
		{2470AF4B-734E-4D71-9843-74545D46AFB3}.Debug|x86.ActiveCfg = Debug|Any CPU
		{2470AF4B-734E-4D71-9843-74545D46AFB3}.Debug|x86.Build.0 = Debug|Any CPU
		{2470AF4B-734E-4D71-9843-74545D46AFB3}.Release|Any CPU.ActiveCfg = Release|Any CPU
		{2470AF4B-734E-4D71-9843-74545D46AFB3}.Release|Any CPU.Build.0 = Release|Any CPU
		{2470AF4B-734E-4D71-9843-74545D46AFB3}.Release|x64.ActiveCfg = Release|Any CPU
		{2470AF4B-734E-4D71-9843-74545D46AFB3}.Release|x64.Build.0 = Release|Any CPU
		{2470AF4B-734E-4D71-9843-74545D46AFB3}.Release|x86.ActiveCfg = Release|Any CPU
		{2470AF4B-734E-4D71-9843-74545D46AFB3}.Release|x86.Build.0 = Release|Any CPU
		{B6EB430E-91BD-48FB-8399-0E787CD86952}.Debug|Any CPU.ActiveCfg = Debug|Any CPU
		{B6EB430E-91BD-48FB-8399-0E787CD86952}.Debug|Any CPU.Build.0 = Debug|Any CPU
		{B6EB430E-91BD-48FB-8399-0E787CD86952}.Debug|x64.ActiveCfg = Debug|Any CPU
		{B6EB430E-91BD-48FB-8399-0E787CD86952}.Debug|x64.Build.0 = Debug|Any CPU
		{B6EB430E-91BD-48FB-8399-0E787CD86952}.Debug|x86.ActiveCfg = Debug|Any CPU
		{B6EB430E-91BD-48FB-8399-0E787CD86952}.Debug|x86.Build.0 = Debug|Any CPU
		{B6EB430E-91BD-48FB-8399-0E787CD86952}.Release|Any CPU.ActiveCfg = Release|Any CPU
		{B6EB430E-91BD-48FB-8399-0E787CD86952}.Release|Any CPU.Build.0 = Release|Any CPU
		{B6EB430E-91BD-48FB-8399-0E787CD86952}.Release|x64.ActiveCfg = Release|Any CPU
		{B6EB430E-91BD-48FB-8399-0E787CD86952}.Release|x64.Build.0 = Release|Any CPU
		{B6EB430E-91BD-48FB-8399-0E787CD86952}.Release|x86.ActiveCfg = Release|Any CPU
		{B6EB430E-91BD-48FB-8399-0E787CD86952}.Release|x86.Build.0 = Release|Any CPU
		{AA918D05-B594-412C-9F52-6492623153FF}.Debug|Any CPU.ActiveCfg = Debug|Any CPU
		{AA918D05-B594-412C-9F52-6492623153FF}.Debug|Any CPU.Build.0 = Debug|Any CPU
		{AA918D05-B594-412C-9F52-6492623153FF}.Debug|x64.ActiveCfg = Debug|Any CPU
		{AA918D05-B594-412C-9F52-6492623153FF}.Debug|x64.Build.0 = Debug|Any CPU
		{AA918D05-B594-412C-9F52-6492623153FF}.Debug|x86.ActiveCfg = Debug|Any CPU
		{AA918D05-B594-412C-9F52-6492623153FF}.Debug|x86.Build.0 = Debug|Any CPU
		{AA918D05-B594-412C-9F52-6492623153FF}.Release|Any CPU.ActiveCfg = Release|Any CPU
		{AA918D05-B594-412C-9F52-6492623153FF}.Release|Any CPU.Build.0 = Release|Any CPU
		{AA918D05-B594-412C-9F52-6492623153FF}.Release|x64.ActiveCfg = Release|Any CPU
		{AA918D05-B594-412C-9F52-6492623153FF}.Release|x64.Build.0 = Release|Any CPU
		{AA918D05-B594-412C-9F52-6492623153FF}.Release|x86.ActiveCfg = Release|Any CPU
		{AA918D05-B594-412C-9F52-6492623153FF}.Release|x86.Build.0 = Release|Any CPU
		{BDF122CC-A7E6-49CE-9E30-734BF32AD8FD}.Debug|Any CPU.ActiveCfg = Debug|Any CPU
		{BDF122CC-A7E6-49CE-9E30-734BF32AD8FD}.Debug|Any CPU.Build.0 = Debug|Any CPU
		{BDF122CC-A7E6-49CE-9E30-734BF32AD8FD}.Debug|x64.ActiveCfg = Debug|Any CPU
		{BDF122CC-A7E6-49CE-9E30-734BF32AD8FD}.Debug|x64.Build.0 = Debug|Any CPU
		{BDF122CC-A7E6-49CE-9E30-734BF32AD8FD}.Debug|x86.ActiveCfg = Debug|Any CPU
		{BDF122CC-A7E6-49CE-9E30-734BF32AD8FD}.Debug|x86.Build.0 = Debug|Any CPU
		{BDF122CC-A7E6-49CE-9E30-734BF32AD8FD}.Release|Any CPU.ActiveCfg = Release|Any CPU
		{BDF122CC-A7E6-49CE-9E30-734BF32AD8FD}.Release|Any CPU.Build.0 = Release|Any CPU
		{BDF122CC-A7E6-49CE-9E30-734BF32AD8FD}.Release|x64.ActiveCfg = Release|Any CPU
		{BDF122CC-A7E6-49CE-9E30-734BF32AD8FD}.Release|x64.Build.0 = Release|Any CPU
		{BDF122CC-A7E6-49CE-9E30-734BF32AD8FD}.Release|x86.ActiveCfg = Release|Any CPU
		{BDF122CC-A7E6-49CE-9E30-734BF32AD8FD}.Release|x86.Build.0 = Release|Any CPU
		{E7194098-14EB-41F5-9739-6CE72A604247}.Debug|Any CPU.ActiveCfg = Debug|Any CPU
		{E7194098-14EB-41F5-9739-6CE72A604247}.Debug|Any CPU.Build.0 = Debug|Any CPU
		{E7194098-14EB-41F5-9739-6CE72A604247}.Debug|x64.ActiveCfg = Debug|Any CPU
		{E7194098-14EB-41F5-9739-6CE72A604247}.Debug|x64.Build.0 = Debug|Any CPU
		{E7194098-14EB-41F5-9739-6CE72A604247}.Debug|x86.ActiveCfg = Debug|Any CPU
		{E7194098-14EB-41F5-9739-6CE72A604247}.Debug|x86.Build.0 = Debug|Any CPU
		{E7194098-14EB-41F5-9739-6CE72A604247}.Release|Any CPU.ActiveCfg = Release|Any CPU
		{E7194098-14EB-41F5-9739-6CE72A604247}.Release|Any CPU.Build.0 = Release|Any CPU
		{E7194098-14EB-41F5-9739-6CE72A604247}.Release|x64.ActiveCfg = Release|Any CPU
		{E7194098-14EB-41F5-9739-6CE72A604247}.Release|x64.Build.0 = Release|Any CPU
		{E7194098-14EB-41F5-9739-6CE72A604247}.Release|x86.ActiveCfg = Release|Any CPU
		{E7194098-14EB-41F5-9739-6CE72A604247}.Release|x86.Build.0 = Release|Any CPU
	EndGlobalSection
	GlobalSection(SolutionProperties) = preSolution
		HideSolutionNode = FALSE
	EndGlobalSection
EndGlobal
