
Microsoft Visual Studio Solution File, Format Version 12.00
# Visual Studio Version 17
VisualStudioVersion = 17.0.31612.314
MinimumVisualStudioVersion = 10.0.40219.1
Project("{9A19103F-16F7-4668-BE54-9A1E7A4F7556}") = "BareMinimum", "BareMinimum\BareMinimum.csproj", "{9908B50F-66F9-4E29-8402-1A7BA4AC1228}"
EndProject
Project("{FAE04EC0-301F-11D3-BF4B-00C04F79EFBC}") = "FullSwaggerSupport", "FullSwaggerSupport\FullSwaggerSupport.csproj", "{EE969024-0DE9-439F-8E77-A4D968D06E96}"
EndProject
Project("{FAE04EC0-301F-11D3-BF4B-00C04F79EFBC}") = "DemoProject", "DemoProject\DemoProject.csproj", "{80324B83-E022-4BCC-A262-245F5D7355DE}"
EndProject
Project("{FAE04EC0-301F-11D3-BF4B-00C04F79EFBC}") = "FolderVersioning", "FolderVersioning\FolderVersioning.csproj", "{0CBE08B7-F221-45D4-A3D1-72A3E052B0BE}"
EndProject
Global
	GlobalSection(SolutionConfigurationPlatforms) = preSolution
		Debug|Any CPU = Debug|Any CPU
		Release|Any CPU = Release|Any CPU
	EndGlobalSection
	GlobalSection(ProjectConfigurationPlatforms) = postSolution
		{9908B50F-66F9-4E29-8402-1A7BA4AC1228}.Debug|Any CPU.ActiveCfg = Debug|Any CPU
		{9908B50F-66F9-4E29-8402-1A7BA4AC1228}.Debug|Any CPU.Build.0 = Debug|Any CPU
		{9908B50F-66F9-4E29-8402-1A7BA4AC1228}.Release|Any CPU.ActiveCfg = Release|Any CPU
		{9908B50F-66F9-4E29-8402-1A7BA4AC1228}.Release|Any CPU.Build.0 = Release|Any CPU
		{EE969024-0DE9-439F-8E77-A4D968D06E96}.Debug|Any CPU.ActiveCfg = Debug|Any CPU
		{EE969024-0DE9-439F-8E77-A4D968D06E96}.Debug|Any CPU.Build.0 = Debug|Any CPU
		{EE969024-0DE9-439F-8E77-A4D968D06E96}.Release|Any CPU.ActiveCfg = Release|Any CPU
		{EE969024-0DE9-439F-8E77-A4D968D06E96}.Release|Any CPU.Build.0 = Release|Any CPU
		{80324B83-E022-4BCC-A262-245F5D7355DE}.Debug|Any CPU.ActiveCfg = Debug|Any CPU
		{80324B83-E022-4BCC-A262-245F5D7355DE}.Debug|Any CPU.Build.0 = Debug|Any CPU
		{80324B83-E022-4BCC-A262-245F5D7355DE}.Release|Any CPU.ActiveCfg = Release|Any CPU
		{80324B83-E022-4BCC-A262-245F5D7355DE}.Release|Any CPU.Build.0 = Release|Any CPU
		{0CBE08B7-F221-45D4-A3D1-72A3E052B0BE}.Debug|Any CPU.ActiveCfg = Debug|Any CPU
		{0CBE08B7-F221-45D4-A3D1-72A3E052B0BE}.Debug|Any CPU.Build.0 = Debug|Any CPU
		{0CBE08B7-F221-45D4-A3D1-72A3E052B0BE}.Release|Any CPU.ActiveCfg = Release|Any CPU
		{0CBE08B7-F221-45D4-A3D1-72A3E052B0BE}.Release|Any CPU.Build.0 = Release|Any CPU
	EndGlobalSection
	GlobalSection(SolutionProperties) = preSolution
		HideSolutionNode = FALSE
	EndGlobalSection
	GlobalSection(ExtensibilityGlobals) = postSolution
		SolutionGuid = {9E8DCA6D-44A3-4AB6-937E-FFAB14FFD774}
	EndGlobalSection
EndGlobal
