
Microsoft Visual Studio Solution File, Format Version 12.00
# Visual Studio Version 16
VisualStudioVersion = 16.0.29209.152
MinimumVisualStudioVersion = 15.0.26124.0
Project("{9A19103F-16F7-4668-BE54-9A1E7A4F7556}") = "SpyStore.Mvc", "SpyStore.Mvc\SpyStore.Mvc.csproj", "{8D5F2A3E-CA64-4CE3-9772-6B626DC720C9}"
EndProject
Project("{9A19103F-16F7-4668-BE54-9A1E7A4F7556}") = "SpyStore.Dal", "SpyStore.Dal\SpyStore.Dal.csproj", "{79BDA594-BAA4-4D3B-9591-6AA0FFD92A60}"
EndProject
Project("{9A19103F-16F7-4668-BE54-9A1E7A4F7556}") = "SpyStore.Models", "SpyStore.Models\SpyStore.Models.csproj", "{E2695148-5A88-48F8-9DBF-4C04080A1DA9}"
EndProject
Project("{9A19103F-16F7-4668-BE54-9A1E7A4F7556}") = "SpyStore.Dal.Tests", "SpyStore.Dal.Tests\SpyStore.Dal.Tests.csproj", "{3AC5D45A-5169-4E55-BCDC-08D6373D28C3}"
EndProject
Project("{2150E333-8FDC-42A3-9474-1A3956D46DE8}") = "Solution Items", "Solution Items", "{C320F55B-5A2B-4B43-B904-25AF78A823E4}"
	ProjectSection(SolutionItems) = preProject
		DalDocker.txt = DalDocker.txt
		global.json = global.json
		Migrations.txt = Migrations.txt
	EndProjectSection
EndProject
Project("{FAE04EC0-301F-11D3-BF4B-00C04F79EFBC}") = "WebApplication1", "WebApplication1\WebApplication1.csproj", "{E13BD4EF-F8A7-40FA-AC45-39BE15000BA9}"
EndProject
Global
	GlobalSection(SolutionConfigurationPlatforms) = preSolution
		Debug|Any CPU = Debug|Any CPU
		Debug|x64 = Debug|x64
		Debug|x86 = Debug|x86
		Release|Any CPU = Release|Any CPU
		Release|x64 = Release|x64
		Release|x86 = Release|x86
	EndGlobalSection
	GlobalSection(ProjectConfigurationPlatforms) = postSolution
		{8D5F2A3E-CA64-4CE3-9772-6B626DC720C9}.Debug|Any CPU.ActiveCfg = Debug|Any CPU
		{8D5F2A3E-CA64-4CE3-9772-6B626DC720C9}.Debug|Any CPU.Build.0 = Debug|Any CPU
		{8D5F2A3E-CA64-4CE3-9772-6B626DC720C9}.Debug|x64.ActiveCfg = Debug|Any CPU
		{8D5F2A3E-CA64-4CE3-9772-6B626DC720C9}.Debug|x64.Build.0 = Debug|Any CPU
		{8D5F2A3E-CA64-4CE3-9772-6B626DC720C9}.Debug|x86.ActiveCfg = Debug|Any CPU
		{8D5F2A3E-CA64-4CE3-9772-6B626DC720C9}.Debug|x86.Build.0 = Debug|Any CPU
		{8D5F2A3E-CA64-4CE3-9772-6B626DC720C9}.Release|Any CPU.ActiveCfg = Release|Any CPU
		{8D5F2A3E-CA64-4CE3-9772-6B626DC720C9}.Release|Any CPU.Build.0 = Release|Any CPU
		{8D5F2A3E-CA64-4CE3-9772-6B626DC720C9}.Release|x64.ActiveCfg = Release|Any CPU
		{8D5F2A3E-CA64-4CE3-9772-6B626DC720C9}.Release|x64.Build.0 = Release|Any CPU
		{8D5F2A3E-CA64-4CE3-9772-6B626DC720C9}.Release|x86.ActiveCfg = Release|Any CPU
		{8D5F2A3E-CA64-4CE3-9772-6B626DC720C9}.Release|x86.Build.0 = Release|Any CPU
		{79BDA594-BAA4-4D3B-9591-6AA0FFD92A60}.Debug|Any CPU.ActiveCfg = Debug|Any CPU
		{79BDA594-BAA4-4D3B-9591-6AA0FFD92A60}.Debug|Any CPU.Build.0 = Debug|Any CPU
		{79BDA594-BAA4-4D3B-9591-6AA0FFD92A60}.Debug|x64.ActiveCfg = Debug|Any CPU
		{79BDA594-BAA4-4D3B-9591-6AA0FFD92A60}.Debug|x64.Build.0 = Debug|Any CPU
		{79BDA594-BAA4-4D3B-9591-6AA0FFD92A60}.Debug|x86.ActiveCfg = Debug|Any CPU
		{79BDA594-BAA4-4D3B-9591-6AA0FFD92A60}.Debug|x86.Build.0 = Debug|Any CPU
		{79BDA594-BAA4-4D3B-9591-6AA0FFD92A60}.Release|Any CPU.ActiveCfg = Release|Any CPU
		{79BDA594-BAA4-4D3B-9591-6AA0FFD92A60}.Release|Any CPU.Build.0 = Release|Any CPU
		{79BDA594-BAA4-4D3B-9591-6AA0FFD92A60}.Release|x64.ActiveCfg = Release|Any CPU
		{79BDA594-BAA4-4D3B-9591-6AA0FFD92A60}.Release|x64.Build.0 = Release|Any CPU
		{79BDA594-BAA4-4D3B-9591-6AA0FFD92A60}.Release|x86.ActiveCfg = Release|Any CPU
		{79BDA594-BAA4-4D3B-9591-6AA0FFD92A60}.Release|x86.Build.0 = Release|Any CPU
		{E2695148-5A88-48F8-9DBF-4C04080A1DA9}.Debug|Any CPU.ActiveCfg = Debug|Any CPU
		{E2695148-5A88-48F8-9DBF-4C04080A1DA9}.Debug|Any CPU.Build.0 = Debug|Any CPU
		{E2695148-5A88-48F8-9DBF-4C04080A1DA9}.Debug|x64.ActiveCfg = Debug|Any CPU
		{E2695148-5A88-48F8-9DBF-4C04080A1DA9}.Debug|x64.Build.0 = Debug|Any CPU
		{E2695148-5A88-48F8-9DBF-4C04080A1DA9}.Debug|x86.ActiveCfg = Debug|Any CPU
		{E2695148-5A88-48F8-9DBF-4C04080A1DA9}.Debug|x86.Build.0 = Debug|Any CPU
		{E2695148-5A88-48F8-9DBF-4C04080A1DA9}.Release|Any CPU.ActiveCfg = Release|Any CPU
		{E2695148-5A88-48F8-9DBF-4C04080A1DA9}.Release|Any CPU.Build.0 = Release|Any CPU
		{E2695148-5A88-48F8-9DBF-4C04080A1DA9}.Release|x64.ActiveCfg = Release|Any CPU
		{E2695148-5A88-48F8-9DBF-4C04080A1DA9}.Release|x64.Build.0 = Release|Any CPU
		{E2695148-5A88-48F8-9DBF-4C04080A1DA9}.Release|x86.ActiveCfg = Release|Any CPU
		{E2695148-5A88-48F8-9DBF-4C04080A1DA9}.Release|x86.Build.0 = Release|Any CPU
		{3AC5D45A-5169-4E55-BCDC-08D6373D28C3}.Debug|Any CPU.ActiveCfg = Debug|Any CPU
		{3AC5D45A-5169-4E55-BCDC-08D6373D28C3}.Debug|Any CPU.Build.0 = Debug|Any CPU
		{3AC5D45A-5169-4E55-BCDC-08D6373D28C3}.Debug|x64.ActiveCfg = Debug|Any CPU
		{3AC5D45A-5169-4E55-BCDC-08D6373D28C3}.Debug|x64.Build.0 = Debug|Any CPU
		{3AC5D45A-5169-4E55-BCDC-08D6373D28C3}.Debug|x86.ActiveCfg = Debug|Any CPU
		{3AC5D45A-5169-4E55-BCDC-08D6373D28C3}.Debug|x86.Build.0 = Debug|Any CPU
		{3AC5D45A-5169-4E55-BCDC-08D6373D28C3}.Release|Any CPU.ActiveCfg = Release|Any CPU
		{3AC5D45A-5169-4E55-BCDC-08D6373D28C3}.Release|Any CPU.Build.0 = Release|Any CPU
		{3AC5D45A-5169-4E55-BCDC-08D6373D28C3}.Release|x64.ActiveCfg = Release|Any CPU
		{3AC5D45A-5169-4E55-BCDC-08D6373D28C3}.Release|x64.Build.0 = Release|Any CPU
		{3AC5D45A-5169-4E55-BCDC-08D6373D28C3}.Release|x86.ActiveCfg = Release|Any CPU
		{3AC5D45A-5169-4E55-BCDC-08D6373D28C3}.Release|x86.Build.0 = Release|Any CPU
		{E13BD4EF-F8A7-40FA-AC45-39BE15000BA9}.Debug|Any CPU.ActiveCfg = Debug|Any CPU
		{E13BD4EF-F8A7-40FA-AC45-39BE15000BA9}.Debug|Any CPU.Build.0 = Debug|Any CPU
		{E13BD4EF-F8A7-40FA-AC45-39BE15000BA9}.Debug|x64.ActiveCfg = Debug|Any CPU
		{E13BD4EF-F8A7-40FA-AC45-39BE15000BA9}.Debug|x64.Build.0 = Debug|Any CPU
		{E13BD4EF-F8A7-40FA-AC45-39BE15000BA9}.Debug|x86.ActiveCfg = Debug|Any CPU
		{E13BD4EF-F8A7-40FA-AC45-39BE15000BA9}.Debug|x86.Build.0 = Debug|Any CPU
		{E13BD4EF-F8A7-40FA-AC45-39BE15000BA9}.Release|Any CPU.ActiveCfg = Release|Any CPU
		{E13BD4EF-F8A7-40FA-AC45-39BE15000BA9}.Release|Any CPU.Build.0 = Release|Any CPU
		{E13BD4EF-F8A7-40FA-AC45-39BE15000BA9}.Release|x64.ActiveCfg = Release|Any CPU
		{E13BD4EF-F8A7-40FA-AC45-39BE15000BA9}.Release|x64.Build.0 = Release|Any CPU
		{E13BD4EF-F8A7-40FA-AC45-39BE15000BA9}.Release|x86.ActiveCfg = Release|Any CPU
		{E13BD4EF-F8A7-40FA-AC45-39BE15000BA9}.Release|x86.Build.0 = Release|Any CPU
	EndGlobalSection
	GlobalSection(SolutionProperties) = preSolution
		HideSolutionNode = FALSE
	EndGlobalSection
	GlobalSection(ExtensibilityGlobals) = postSolution
		SolutionGuid = {4E2F7BA2-40DD-435F-A38E-4FCE893DD144}
	EndGlobalSection
EndGlobal
